<?xml version="1.0" encoding="utf-8"?>
<Project ToolsVersion="4.0" xmlns="http://schemas.microsoft.com/developer/msbuild/2003">
  <ItemGroup>
    <Filter Include="Header Files">
      <UniqueIdentifier>{93995380-89BD-4b04-88EB-625FBE52EBFB}</UniqueIdentifier>
      <Extensions>h;hh;hpp;hxx;hm;inl;inc;ipp;xsd</Extensions>
    </Filter>
    <Filter Include="Resource Files">
      <UniqueIdentifier>{67DA6AB6-F800-4c08-8B7A-83BB121AAD01}</UniqueIdentifier>
      <Extensions>rc;ico;cur;bmp;dlg;rc2;rct;bin;rgs;gif;jpg;jpeg;jpe;resx;tiff;tif;png;wav;mfcribbon-ms</Extensions>
    </Filter>
    <Filter Include="Resource Files\Source Files">
      <UniqueIdentifier>{4FC737F1-C7A5-4376-A066-2A32D752A2FF}</UniqueIdentifier>
      <Extensions>cpp;c;cc;cxx;def;odl;idl;hpj;bat;asm;asmx</Extensions>
    </Filter>
    <Filter Include="Resource Files\Source Files\Assembly Files">
      <UniqueIdentifier>{ed8a8dd7-a467-4ebc-b8e8-2126d1b061dd}</UniqueIdentifier>
    </Filter>
    <Filter Include="Resource Files\Source Files\Debugger">
      <UniqueIdentifier>{cb7159dd-9497-477e-98df-23159103b037}</UniqueIdentifier>
    </Filter>
    <Filter Include="Resource Files\Source Files\Debugger\Commands">
      <UniqueIdentifier>{2f4ae7fa-1e79-4ff8-9a3a-7f5cca3c4143}</UniqueIdentifier>
    </Filter>
    <Filter Include="Resource Files\Source Files\Debugger\Commands\Debugging Commands">
      <UniqueIdentifier>{b19aa95a-347c-4c7a-b96c-ad4d05bdc05c}</UniqueIdentifier>
    </Filter>
    <Filter Include="Resource Files\Source Files\Debugger\Commands\Meta Commands">
      <UniqueIdentifier>{87fb4212-f9a2-4dba-b943-b1d3a7807c28}</UniqueIdentifier>
    </Filter>
    <Filter Include="Resource Files\Source Files\Debugger\Commands\Extension Commands">
      <UniqueIdentifier>{6d1d6434-d27d-4f59-83be-301399c3fef8}</UniqueIdentifier>
    </Filter>
    <Filter Include="Resource Files\Source Files\Debugger\Implementations">
      <UniqueIdentifier>{1acac1bd-b4c9-43de-abce-1513fe16609a}</UniqueIdentifier>
    </Filter>
    <Filter Include="Resource Files\Source Files\Debugger\Essentials">
      <UniqueIdentifier>{a2e82957-85a0-4336-8b27-5804e9503d58}</UniqueIdentifier>
    </Filter>
    <Filter Include="Resource Files\Source Files\Debugger\Communication">
      <UniqueIdentifier>{7522bb67-3e10-4cdc-8d80-13d45ea74661}</UniqueIdentifier>
    </Filter>
    <Filter Include="Resource Files\Source Files\Debugger\Transparency">
      <UniqueIdentifier>{4fbff165-6d2b-4ea2-ae47-7ec44cf79f2f}</UniqueIdentifier>
    </Filter>
    <Filter Include="Resource Files\Source Files\Debugger\Tests">
      <UniqueIdentifier>{75cfa57c-a5af-4b8b-ae07-e4b9f9c56f6a}</UniqueIdentifier>
    </Filter>
    <Filter Include="Resource Files\Source Files\Debugger\Driver Loader">
      <UniqueIdentifier>{575468fb-d58f-47c5-9e62-7365873159c7}</UniqueIdentifier>
    </Filter>
    <Filter Include="Resource Files\Source Files\Common">
      <UniqueIdentifier>{f2afff38-c518-4252-bd1d-7573d4190f44}</UniqueIdentifier>
    </Filter>
  </ItemGroup>
  <ItemGroup>
    <None Include="cpp.hint" />
  </ItemGroup>
  <ItemGroup>
    <ClInclude Include="pch.h">
      <Filter>Header Files</Filter>
    </ClInclude>
    <ClInclude Include="list.h">
      <Filter>Header Files</Filter>
    </ClInclude>
    <ClInclude Include="common.h">
      <Filter>Header Files</Filter>
    </ClInclude>
    <ClInclude Include="debugger.h">
      <Filter>Header Files</Filter>
    </ClInclude>
    <ClInclude Include="help.h">
      <Filter>Header Files</Filter>
    </ClInclude>
    <ClInclude Include="globals.h">
      <Filter>Header Files</Filter>
    </ClInclude>
    <ClInclude Include="exports.h">
      <Filter>Header Files</Filter>
    </ClInclude>
    <ClInclude Include="install.h">
      <Filter>Header Files</Filter>
    </ClInclude>
    <ClInclude Include="tests.h">
      <Filter>Header Files</Filter>
    </ClInclude>
    <ClInclude Include="namedpipe.h">
      <Filter>Header Files</Filter>
    </ClInclude>
    <ClInclude Include="transparency.h">
      <Filter>Header Files</Filter>
    </ClInclude>
    <ClInclude Include="communication.h">
      <Filter>Header Files</Filter>
    </ClInclude>
    <ClInclude Include="forwarding.h">
      <Filter>Header Files</Filter>
    </ClInclude>
    <ClInclude Include="kd.h">
      <Filter>Header Files</Filter>
    </ClInclude>
    <ClInclude Include="commands.h">
      <Filter>Header Files</Filter>
    </ClInclude>
  </ItemGroup>
  <ItemGroup>
    <ClCompile Include="hprdbgctrl.cpp">
      <Filter>Resource Files\Source Files</Filter>
    </ClCompile>
    <ClCompile Include="dllmain.cpp">
      <Filter>Resource Files\Source Files</Filter>
    </ClCompile>
    <ClCompile Include="pch.cpp">
      <Filter>Resource Files\Source Files</Filter>
    </ClCompile>
    <ClCompile Include="readmem.cpp">
      <Filter>Resource Files\Source Files\Debugger\Implementations</Filter>
    </ClCompile>
    <ClCompile Include="debugger.cpp">
      <Filter>Resource Files\Source Files\Debugger\Essentials</Filter>
    </ClCompile>
    <ClCompile Include="interpreter.cpp">
      <Filter>Resource Files\Source Files\Debugger\Essentials</Filter>
    </ClCompile>
    <ClCompile Include="list.cpp">
      <Filter>Resource Files\Source Files\Common</Filter>
    </ClCompile>
    <ClCompile Include="common.cpp">
      <Filter>Resource Files\Source Files\Common</Filter>
    </ClCompile>
    <ClCompile Include="install.cpp">
      <Filter>Resource Files\Source Files\Debugger\Driver Loader</Filter>
    </ClCompile>
    <ClCompile Include="disassembler.cpp">
      <Filter>Resource Files\Source Files\Debugger\Implementations</Filter>
    </ClCompile>
    <ClCompile Include="cls.cpp">
      <Filter>Resource Files\Source Files\Debugger\Commands\Meta Commands</Filter>
    </ClCompile>
    <ClCompile Include="connect.cpp">
      <Filter>Resource Files\Source Files\Debugger\Commands\Meta Commands</Filter>
    </ClCompile>
    <ClCompile Include="cpu.cpp">
      <Filter>Resource Files\Source Files\Debugger\Commands\Debugging Commands</Filter>
    </ClCompile>
    <ClCompile Include="disconnect.cpp">
      <Filter>Resource Files\Source Files\Debugger\Commands\Meta Commands</Filter>
    </ClCompile>
    <ClCompile Include="d-u.cpp">
      <Filter>Resource Files\Source Files\Debugger\Commands\Debugging Commands</Filter>
    </ClCompile>
    <ClCompile Include="exit.cpp">
      <Filter>Resource Files\Source Files\Debugger\Commands\Debugging Commands</Filter>
    </ClCompile>
    <ClCompile Include="formats.cpp">
      <Filter>Resource Files\Source Files\Debugger\Commands\Meta Commands</Filter>
    </ClCompile>
    <ClCompile Include="lm.cpp">
      <Filter>Resource Files\Source Files\Debugger\Commands\Debugging Commands</Filter>
    </ClCompile>
    <ClCompile Include="load.cpp">
      <Filter>Resource Files\Source Files\Debugger\Commands\Debugging Commands</Filter>
    </ClCompile>
    <ClCompile Include="monitor.cpp">
      <Filter>Resource Files\Source Files\Debugger\Commands\Extension Commands</Filter>
    </ClCompile>
    <ClCompile Include="pte.cpp">
      <Filter>Resource Files\Source Files\Debugger\Commands\Extension Commands</Filter>
    </ClCompile>
    <ClCompile Include="rdmsr.cpp">
      <Filter>Resource Files\Source Files\Debugger\Commands\Debugging Commands</Filter>
    </ClCompile>
    <ClCompile Include="wrmsr.cpp">
      <Filter>Resource Files\Source Files\Debugger\Commands\Debugging Commands</Filter>
    </ClCompile>
    <ClCompile Include="unload.cpp">
      <Filter>Resource Files\Source Files\Debugger\Commands\Debugging Commands</Filter>
    </ClCompile>
    <ClCompile Include="syscall-sysret.cpp">
      <Filter>Resource Files\Source Files\Debugger\Commands\Extension Commands</Filter>
    </ClCompile>
    <ClCompile Include="cpuid.cpp">
      <Filter>Resource Files\Source Files\Debugger\Commands\Extension Commands</Filter>
    </ClCompile>
    <ClCompile Include="msrread.cpp">
      <Filter>Resource Files\Source Files\Debugger\Commands\Extension Commands</Filter>
    </ClCompile>
    <ClCompile Include="msrwrite.cpp">
      <Filter>Resource Files\Source Files\Debugger\Commands\Extension Commands</Filter>
    </ClCompile>
    <ClCompile Include="tsc.cpp">
      <Filter>Resource Files\Source Files\Debugger\Commands\Extension Commands</Filter>
    </ClCompile>
    <ClCompile Include="pmc.cpp">
      <Filter>Resource Files\Source Files\Debugger\Commands\Extension Commands</Filter>
    </ClCompile>
    <ClCompile Include="exception.cpp">
      <Filter>Resource Files\Source Files\Debugger\Commands\Extension Commands</Filter>
    </ClCompile>
    <ClCompile Include="dr.cpp">
      <Filter>Resource Files\Source Files\Debugger\Commands\Extension Commands</Filter>
    </ClCompile>
    <ClCompile Include="interrupt.cpp">
      <Filter>Resource Files\Source Files\Debugger\Commands\Extension Commands</Filter>
    </ClCompile>
    <ClCompile Include="ioin.cpp">
      <Filter>Resource Files\Source Files\Debugger\Commands\Extension Commands</Filter>
    </ClCompile>
    <ClCompile Include="ioout.cpp">
      <Filter>Resource Files\Source Files\Debugger\Commands\Extension Commands</Filter>
    </ClCompile>
    <ClCompile Include="epthook2.cpp">
      <Filter>Resource Files\Source Files\Debugger\Commands\Extension Commands</Filter>
    </ClCompile>
    <ClCompile Include="vmcall.cpp">
      <Filter>Resource Files\Source Files\Debugger\Commands\Extension Commands</Filter>
    </ClCompile>
    <ClCompile Include="script.cpp">
      <Filter>Resource Files\Source Files\Debugger\Commands\Meta Commands</Filter>
    </ClCompile>
    <ClCompile Include="hide.cpp">
      <Filter>Resource Files\Source Files\Debugger\Commands\Extension Commands</Filter>
    </ClCompile>
    <ClCompile Include="unhide.cpp">
      <Filter>Resource Files\Source Files\Debugger\Commands\Extension Commands</Filter>
    </ClCompile>
    <ClCompile Include="epthook.cpp">
      <Filter>Resource Files\Source Files\Debugger\Commands\Extension Commands</Filter>
    </ClCompile>
    <ClCompile Include="test.cpp">
      <Filter>Resource Files\Source Files\Debugger\Commands\Debugging Commands</Filter>
    </ClCompile>
    <ClCompile Include="namedpipe.cpp">
      <Filter>Resource Files\Source Files\Debugger\Communication</Filter>
    </ClCompile>
    <ClCompile Include="logopen.cpp">
      <Filter>Resource Files\Source Files\Debugger\Commands\Meta Commands</Filter>
    </ClCompile>
    <ClCompile Include="logclose.cpp">
      <Filter>Resource Files\Source Files\Debugger\Commands\Meta Commands</Filter>
    </ClCompile>
    <ClCompile Include="va2pa.cpp">
      <Filter>Resource Files\Source Files\Debugger\Commands\Extension Commands</Filter>
    </ClCompile>
    <ClCompile Include="pa2va.cpp">
      <Filter>Resource Files\Source Files\Debugger\Commands\Extension Commands</Filter>
    </ClCompile>
    <ClCompile Include="events.cpp">
      <Filter>Resource Files\Source Files\Debugger\Commands\Debugging Commands</Filter>
    </ClCompile>
    <ClCompile Include="breakcontrol.cpp">
      <Filter>Resource Files\Source Files\Debugger\Essentials</Filter>
    </ClCompile>
    <ClCompile Include="g.cpp">
      <Filter>Resource Files\Source Files\Debugger\Commands\Debugging Commands</Filter>
    </ClCompile>
    <ClCompile Include="pause.cpp">
      <Filter>Resource Files\Source Files\Debugger\Commands\Debugging Commands</Filter>
    </ClCompile>
    <ClCompile Include="sleep.cpp">
      <Filter>Resource Files\Source Files\Debugger\Commands\Debugging Commands</Filter>
    </ClCompile>
    <ClCompile Include="e.cpp">
      <Filter>Resource Files\Source Files\Debugger\Commands\Debugging Commands</Filter>
    </ClCompile>
    <ClCompile Include="s.cpp">
      <Filter>Resource Files\Source Files\Debugger\Commands\Debugging Commands</Filter>
    </ClCompile>
    <ClCompile Include="transparency.cpp">
      <Filter>Resource Files\Source Files\Debugger\Transparency</Filter>
    </ClCompile>
    <ClCompile Include="gaussian-rng.cpp">
      <Filter>Resource Files\Source Files\Debugger\Transparency</Filter>
    </ClCompile>
    <ClCompile Include="measure.cpp">
      <Filter>Resource Files\Source Files\Debugger\Commands\Extension Commands</Filter>
    </ClCompile>
    <ClCompile Include="help.cpp">
      <Filter>Resource Files\Source Files\Debugger\Commands\Meta Commands</Filter>
    </ClCompile>
    <ClCompile Include="settings.cpp">
      <Filter>Resource Files\Source Files\Debugger\Commands\Debugging Commands</Filter>
    </ClCompile>
    <ClCompile Include="flush.cpp">
      <Filter>Resource Files\Source Files\Debugger\Commands\Debugging Commands</Filter>
    </ClCompile>
    <ClCompile Include="tcpserver.cpp">
      <Filter>Resource Files\Source Files\Debugger\Communication</Filter>
    </ClCompile>
    <ClCompile Include="tcpclient.cpp">
      <Filter>Resource Files\Source Files\Debugger\Communication</Filter>
    </ClCompile>
    <ClCompile Include="listen.cpp">
      <Filter>Resource Files\Source Files\Debugger\Commands\Meta Commands</Filter>
    </ClCompile>
    <ClCompile Include="remoteconnection.cpp">
      <Filter>Resource Files\Source Files\Debugger\Communication</Filter>
    </ClCompile>
    <ClCompile Include="status.cpp">
      <Filter>Resource Files\Source Files\Debugger\Commands\Meta Commands</Filter>
    </ClCompile>
    <ClCompile Include="attach.cpp">
      <Filter>Resource Files\Source Files\Debugger\Commands\Meta Commands</Filter>
    </ClCompile>
    <ClCompile Include="detach.cpp">
      <Filter>Resource Files\Source Files\Debugger\Commands\Meta Commands</Filter>
    </ClCompile>
    <ClCompile Include="t.cpp">
      <Filter>Resource Files\Source Files\Debugger\Commands\Debugging Commands</Filter>
    </ClCompile>
    <ClCompile Include="tests.cpp">
      <Filter>Resource Files\Source Files\Debugger\Tests</Filter>
    </ClCompile>
    <ClCompile Include="print.cpp">
      <Filter>Resource Files\Source Files\Debugger\Commands\Debugging Commands</Filter>
    </ClCompile>
    <ClCompile Include="sewrapper.cpp">
      <Filter>Resource Files\Source Files\Debugger\Implementations</Filter>
    </ClCompile>
    <ClCompile Include="forwarding.cpp">
      <Filter>Resource Files\Source Files\Debugger\Communication</Filter>
    </ClCompile>
    <ClCompile Include="output.cpp">
      <Filter>Resource Files\Source Files\Debugger\Commands\Debugging Commands</Filter>
    </ClCompile>
    <ClCompile Include="debug.cpp">
      <Filter>Resource Files\Source Files\Debugger\Commands\Meta Commands</Filter>
    </ClCompile>
    <ClCompile Include="listening.cpp">
      <Filter>Resource Files\Source Files\Debugger\Essentials</Filter>
    </ClCompile>
    <ClCompile Include="kd.cpp">
      <Filter>Resource Files\Source Files\Debugger\Essentials</Filter>
    </ClCompile>
    <ClCompile Include="p.cpp">
      <Filter>Resource Files\Source Files\Debugger\Commands\Debugging Commands</Filter>
    </ClCompile>
    <ClCompile Include="~.cpp">
      <Filter>Resource Files\Source Files\Debugger\Commands\Debugging Commands</Filter>
    </ClCompile>
    <ClCompile Include="process.cpp">
      <Filter>Resource Files\Source Files\Debugger\Commands\Meta Commands</Filter>
    </ClCompile>
    <ClCompile Include="eval.cpp">
      <Filter>Resource Files\Source Files\Debugger\Commands\Debugging Commands</Filter>
    </ClCompile>
    <ClCompile Include="r.cpp">
      <Filter>Resource Files\Source Files\Debugger\Commands\Debugging Commands</Filter>
    </ClCompile>
    <ClCompile Include="bp.cpp">
      <Filter>Resource Files\Source Files\Debugger\Commands\Debugging Commands</Filter>
    </ClCompile>
    <ClCompile Include="bd.cpp">
      <Filter>Resource Files\Source Files\Debugger\Commands\Debugging Commands</Filter>
    </ClCompile>
    <ClCompile Include="be.cpp">
      <Filter>Resource Files\Source Files\Debugger\Commands\Debugging Commands</Filter>
    </ClCompile>
    <ClCompile Include="bc.cpp">
      <Filter>Resource Files\Source Files\Debugger\Commands\Debugging Commands</Filter>
    </ClCompile>
    <ClCompile Include="bl.cpp">
      <Filter>Resource Files\Source Files\Debugger\Commands\Debugging Commands</Filter>
    </ClCompile>
    <ClCompile Include="i.cpp">
      <Filter>Resource Files\Source Files\Debugger\Commands\Debugging Commands</Filter>
    </ClCompile>
  </ItemGroup>
  <ItemGroup>
    <MASM Include="AsmVmxChecks.asm">
      <Filter>Resource Files\Source Files\Assembly Files</Filter>
    </MASM>
  </ItemGroup>
</Project>