
Microsoft Visual Studio Solution File, Format Version 12.00
# Visual Studio Version 16
VisualStudioVersion = 16.0.29613.14
MinimumVisualStudioVersion = 10.0.40219.1
Project("{8BC9CEB8-8B4A-11D0-8D11-00A0C91BC942}") = "hprdbghv", "hprdbghv\hprdbghv.vcxproj", "{BB17323A-2460-4AE1-8AFE-B367400B934F}"
	ProjectSection(ProjectDependencies) = postProject
		{2D988267-CC53-41E3-936A-48CEF9049DF5} = {2D988267-CC53-41E3-936A-48CEF9049DF5}
	EndProjectSection
EndProject
Project("{8BC9CEB8-8B4A-11D0-8D11-00A0C91BC942}") = "hyperdbg-cli", "hyperdbg-cli\hyperdbg-cli.vcxproj", "{FBCBBBAD-4EAE-469E-827F-F59FE9E7375B}"
	ProjectSection(ProjectDependencies) = postProject
		{BB17323A-2460-4AE1-8AFE-B367400B934F} = {BB17323A-2460-4AE1-8AFE-B367400B934F}
		{C2D44C60-3F23-4972-8F60-21083B9FB112} = {C2D44C60-3F23-4972-8F60-21083B9FB112}
		{2D988267-CC53-41E3-936A-48CEF9049DF5} = {2D988267-CC53-41E3-936A-48CEF9049DF5}
		{809C3AD5-3211-4992-A472-9D81D124C5FA} = {809C3AD5-3211-4992-A472-9D81D124C5FA}
		{C3DC85E1-0559-4B58-9792-DE421472DFE9} = {C3DC85E1-0559-4B58-9792-DE421472DFE9}
	EndProjectSection
EndProject
Project("{2150E333-8FDC-42A3-9474-1A3956D46DE8}") = "include", "include", "{1997E4B6-FE49-4358-ADF1-CDDB5739508E}"
	ProjectSection(SolutionItems) = preProject
		include\Configuration.h = include\Configuration.h
		include\Definition.h = include\Definition.h
		include\ScriptEngineCommon.h = include\ScriptEngineCommon.h
		include\ScriptEngineCommonDefinitions.h = include\ScriptEngineCommonDefinitions.h
		include\ZycoreExportConfig.h = include\ZycoreExportConfig.h
		include\ZydisExportConfig.h = include\ZydisExportConfig.h
	EndProjectSection
EndProject
Project("{8BC9CEB8-8B4A-11D0-8D11-00A0C91BC942}") = "hprdbgctrl", "hprdbgctrl\hprdbgctrl.vcxproj", "{809C3AD5-3211-4992-A472-9D81D124C5FA}"
	ProjectSection(ProjectDependencies) = postProject
		{C2D44C60-3F23-4972-8F60-21083B9FB112} = {C2D44C60-3F23-4972-8F60-21083B9FB112}
	EndProjectSection
EndProject
Project("{8BC9CEB8-8B4A-11D0-8D11-00A0C91BC942}") = "hyperdbg-test", "hyperdbg-test\hyperdbg-test.vcxproj", "{C3DC85E1-0559-4B58-9792-DE421472DFE9}"
EndProject
Project("{8BC9CEB8-8B4A-11D0-8D11-00A0C91BC942}") = "script-engine", "script-engine\script-engine.vcxproj", "{C2D44C60-3F23-4972-8F60-21083B9FB112}"
	ProjectSection(ProjectDependencies) = postProject
		{9CA3E213-C43F-4C1D-A6ED-C6FC568D691B} = {9CA3E213-C43F-4C1D-A6ED-C6FC568D691B}
	EndProjectSection
EndProject
Project("{8BC9CEB8-8B4A-11D0-8D11-00A0C91BC942}") = "kdserial", "kdserial\kdserial.vcxproj", "{2D988267-CC53-41E3-936A-48CEF9049DF5}"
EndProject
Project("{8BC9CEB8-8B4A-11D0-8D11-00A0C91BC942}") = "symbol-parser", "symbol-parser\symbol-parser.vcxproj", "{9CA3E213-C43F-4C1D-A6ED-C6FC568D691B}"
EndProject
Global
	GlobalSection(SolutionConfigurationPlatforms) = preSolution
		Debug|x64 = Debug|x64
		Release|x64 = Release|x64
	EndGlobalSection
	GlobalSection(ProjectConfigurationPlatforms) = postSolution
		{BB17323A-2460-4AE1-8AFE-B367400B934F}.Debug|x64.ActiveCfg = Debug|x64
		{BB17323A-2460-4AE1-8AFE-B367400B934F}.Debug|x64.Build.0 = Debug|x64
		{BB17323A-2460-4AE1-8AFE-B367400B934F}.Release|x64.ActiveCfg = Release|x64
		{BB17323A-2460-4AE1-8AFE-B367400B934F}.Release|x64.Build.0 = Release|x64
		{FBCBBBAD-4EAE-469E-827F-F59FE9E7375B}.Debug|x64.ActiveCfg = Debug|x64
		{FBCBBBAD-4EAE-469E-827F-F59FE9E7375B}.Debug|x64.Build.0 = Debug|x64
		{FBCBBBAD-4EAE-469E-827F-F59FE9E7375B}.Release|x64.ActiveCfg = Release|x64
		{FBCBBBAD-4EAE-469E-827F-F59FE9E7375B}.Release|x64.Build.0 = Release|x64
		{809C3AD5-3211-4992-A472-9D81D124C5FA}.Debug|x64.ActiveCfg = Debug|x64
		{809C3AD5-3211-4992-A472-9D81D124C5FA}.Debug|x64.Build.0 = Debug|x64
		{809C3AD5-3211-4992-A472-9D81D124C5FA}.Release|x64.ActiveCfg = Release|x64
		{809C3AD5-3211-4992-A472-9D81D124C5FA}.Release|x64.Build.0 = Release|x64
		{C3DC85E1-0559-4B58-9792-DE421472DFE9}.Debug|x64.ActiveCfg = Debug|x64
		{C3DC85E1-0559-4B58-9792-DE421472DFE9}.Debug|x64.Build.0 = Debug|x64
		{C3DC85E1-0559-4B58-9792-DE421472DFE9}.Release|x64.ActiveCfg = Release|x64
		{C3DC85E1-0559-4B58-9792-DE421472DFE9}.Release|x64.Build.0 = Release|x64
		{C2D44C60-3F23-4972-8F60-21083B9FB112}.Debug|x64.ActiveCfg = Debug|x64
		{C2D44C60-3F23-4972-8F60-21083B9FB112}.Debug|x64.Build.0 = Debug|x64
		{C2D44C60-3F23-4972-8F60-21083B9FB112}.Release|x64.ActiveCfg = Release|x64
		{C2D44C60-3F23-4972-8F60-21083B9FB112}.Release|x64.Build.0 = Release|x64
		{2D988267-CC53-41E3-936A-48CEF9049DF5}.Debug|x64.ActiveCfg = Debug|x64
		{2D988267-CC53-41E3-936A-48CEF9049DF5}.Debug|x64.Build.0 = Debug|x64
		{2D988267-CC53-41E3-936A-48CEF9049DF5}.Release|x64.ActiveCfg = Release|x64
		{2D988267-CC53-41E3-936A-48CEF9049DF5}.Release|x64.Build.0 = Release|x64
		{9CA3E213-C43F-4C1D-A6ED-C6FC568D691B}.Debug|x64.ActiveCfg = Debug|x64
		{9CA3E213-C43F-4C1D-A6ED-C6FC568D691B}.Debug|x64.Build.0 = Debug|x64
		{9CA3E213-C43F-4C1D-A6ED-C6FC568D691B}.Release|x64.ActiveCfg = Release|x64
		{9CA3E213-C43F-4C1D-A6ED-C6FC568D691B}.Release|x64.Build.0 = Release|x64
	EndGlobalSection
	GlobalSection(SolutionProperties) = preSolution
		HideSolutionNode = FALSE
	EndGlobalSection
	GlobalSection(ExtensibilityGlobals) = postSolution
		SolutionGuid = {1444BEC7-11CE-4CA6-B77C-5F98AC9BFAEB}
	EndGlobalSection
EndGlobal
