
Microsoft Visual Studio Solution File, Format Version 12.00
# Visual Studio Version 17
VisualStudioVersion = 17.2.32602.215
MinimumVisualStudioVersion = 10.0.40219.1
Project("{8BC9CEB8-8B4A-11D0-8D11-00A0C91BC942}") = "hyperdbg-cli", "hyperdbg-cli\hyperdbg-cli.vcxproj", "{FBCBBBAD-4EAE-469E-827F-F59FE9E7375B}"
	ProjectSection(ProjectDependencies) = postProject
		{2D988267-CC53-41E3-936A-48CEF9049DF5} = {2D988267-CC53-41E3-936A-48CEF9049DF5}
		{809C3AD5-3211-4992-A472-9D81D124C5FA} = {809C3AD5-3211-4992-A472-9D81D124C5FA}
		{C2D44C60-3F23-4972-8F60-21083B9FB112} = {C2D44C60-3F23-4972-8F60-21083B9FB112}
		{C3DC85E1-0559-4B58-9792-DE421472DFE9} = {C3DC85E1-0559-4B58-9792-DE421472DFE9}
	EndProjectSection
EndProject
Project("{8BC9CEB8-8B4A-11D0-8D11-00A0C91BC942}") = "hyperhv", "hyperhv\hyperhv.vcxproj", "{BB17323A-2460-4AE1-8AFE-B367400B934F}"
	ProjectSection(ProjectDependencies) = postProject
		{2D988267-CC53-41E3-936A-48CEF9049DF5} = {2D988267-CC53-41E3-936A-48CEF9049DF5}
	EndProjectSection
EndProject
Project("{2150E333-8FDC-42A3-9474-1A3956D46DE8}") = "include", "include", "{1997E4B6-FE49-4358-ADF1-CDDB5739508E}"
	ProjectSection(SolutionItems) = preProject
		include\Configuration.h = include\Configuration.h
		include\Definition.h = include\Definition.h
	EndProjectSection
EndProject
Project("{8BC9CEB8-8B4A-11D0-8D11-00A0C91BC942}") = "libhyperdbg", "libhyperdbg\libhyperdbg.vcxproj", "{809C3AD5-3211-4992-A472-9D81D124C5FA}"
	ProjectSection(ProjectDependencies) = postProject
		{AFDD7028-1ED9-442E-8A3D-01CFA3AA1CAA} = {AFDD7028-1ED9-442E-8A3D-01CFA3AA1CAA}
		{C2D44C60-3F23-4972-8F60-21083B9FB112} = {C2D44C60-3F23-4972-8F60-21083B9FB112}
	EndProjectSection
EndProject
Project("{8BC9CEB8-8B4A-11D0-8D11-00A0C91BC942}") = "hyperdbg-test", "hyperdbg-test\hyperdbg-test.vcxproj", "{C3DC85E1-0559-4B58-9792-DE421472DFE9}"
	ProjectSection(ProjectDependencies) = postProject
		{809C3AD5-3211-4992-A472-9D81D124C5FA} = {809C3AD5-3211-4992-A472-9D81D124C5FA}
	EndProjectSection
EndProject
Project("{8BC9CEB8-8B4A-11D0-8D11-00A0C91BC942}") = "script-engine", "script-engine\script-engine.vcxproj", "{C2D44C60-3F23-4972-8F60-21083B9FB112}"
	ProjectSection(ProjectDependencies) = postProject
		{9CA3E213-C43F-4C1D-A6ED-C6FC568D691B} = {9CA3E213-C43F-4C1D-A6ED-C6FC568D691B}
	EndProjectSection
EndProject
Project("{8BC9CEB8-8B4A-11D0-8D11-00A0C91BC942}") = "kdserial", "kdserial\kdserial.vcxproj", "{2D988267-CC53-41E3-936A-48CEF9049DF5}"
EndProject
Project("{8BC9CEB8-8B4A-11D0-8D11-00A0C91BC942}") = "symbol-parser", "symbol-parser\symbol-parser.vcxproj", "{9CA3E213-C43F-4C1D-A6ED-C6FC568D691B}"
	ProjectSection(ProjectDependencies) = postProject
		{06FB1AF7-647C-4BA4-860A-4533763440F9} = {06FB1AF7-647C-4BA4-860A-4533763440F9}
	EndProjectSection
EndProject
Project("{8BC9CEB8-8B4A-11D0-8D11-00A0C91BC942}") = "pdbex", "dependencies\pdbex\Source\pdbex.vcxproj", "{06FB1AF7-647C-4BA4-860A-4533763440F9}"
EndProject
Project("{2150E333-8FDC-42A3-9474-1A3956D46DE8}") = "SDK", "SDK", "{7EA9E1E8-4283-4CEF-9629-C5C98CD706C7}"
	ProjectSection(SolutionItems) = preProject
		include\SDK\HyperDbgSdk.h = include\SDK\HyperDbgSdk.h
	EndProjectSection
EndProject
Project("{2150E333-8FDC-42A3-9474-1A3956D46DE8}") = "headers", "headers", "{D67D603F-4F99-4C0B-94BE-F4A2C6CC22B5}"
	ProjectSection(SolutionItems) = preProject
		include\SDK\Headers\Assertions.h = include\SDK\Headers\Assertions.h
		include\SDK\Headers\BasicTypes.h = include\SDK\Headers\BasicTypes.h
		include\SDK\Headers\Connection.h = include\SDK\Headers\Connection.h
		include\SDK\Headers\Constants.h = include\SDK\Headers\Constants.h
		include\SDK\Headers\DataTypes.h = include\SDK\Headers\DataTypes.h
		include\SDK\Headers\ErrorCodes.h = include\SDK\Headers\ErrorCodes.h
		include\SDK\Headers\Events.h = include\SDK\Headers\Events.h
		include\SDK\Headers\HardwareDebugger.h = include\SDK\Headers\HardwareDebugger.h
		include\SDK\Headers\Ioctls.h = include\SDK\Headers\Ioctls.h
		include\SDK\headers\Pcie.h = include\SDK\headers\Pcie.h
		include\SDK\Headers\RequestStructures.h = include\SDK\Headers\RequestStructures.h
		include\SDK\Headers\ScriptEngineCommonDefinitions.h = include\SDK\Headers\ScriptEngineCommonDefinitions.h
		include\SDK\Headers\Symbols.h = include\SDK\Headers\Symbols.h
	EndProjectSection
EndProject
Project("{2150E333-8FDC-42A3-9474-1A3956D46DE8}") = "script-eval", "script-eval", "{2CC2975A-9B33-400D-840F-9A71BB312928}"
EndProject
Project("{2150E333-8FDC-42A3-9474-1A3956D46DE8}") = "header", "header", "{4C47AB91-DF41-4741-80AF-FD87C32A961E}"
	ProjectSection(SolutionItems) = preProject
		script-eval\header\ScriptEngineHeader.h = script-eval\header\ScriptEngineHeader.h
		script-eval\header\ScriptEngineInternalHeader.h = script-eval\header\ScriptEngineInternalHeader.h
	EndProjectSection
EndProject
Project("{2150E333-8FDC-42A3-9474-1A3956D46DE8}") = "code", "code", "{952986BC-7B3D-4F50-BC69-4D11FA52D9C5}"
	ProjectSection(SolutionItems) = preProject
		script-eval\code\Functions.c = script-eval\code\Functions.c
		script-eval\code\Keywords.c = script-eval\code\Keywords.c
		script-eval\code\PseudoRegisters.c = script-eval\code\PseudoRegisters.c
		script-eval\code\Regs.c = script-eval\code\Regs.c
		script-eval\code\ScriptEngineEval.c = script-eval\code\ScriptEngineEval.c
	EndProjectSection
EndProject
Project("{2150E333-8FDC-42A3-9474-1A3956D46DE8}") = "imports", "imports", "{B3D9DA75-8FBD-4A2C-826A-B50406396EC4}"
EndProject
Project("{8BC9CEB8-8B4A-11D0-8D11-00A0C91BC942}") = "hyperkd", "hyperkd\hyperkd.vcxproj", "{AFDD7028-1ED9-442E-8A3D-01CFA3AA1CAA}"
	ProjectSection(ProjectDependencies) = postProject
		{AFDE69E9-EE3D-470E-8407-C1F0D98F9E3D} = {AFDE69E9-EE3D-470E-8407-C1F0D98F9E3D}
		{BB17323A-2460-4AE1-8AFE-B367400B934F} = {BB17323A-2460-4AE1-8AFE-B367400B934F}
	EndProjectSection
EndProject
Project("{8BC9CEB8-8B4A-11D0-8D11-00A0C91BC942}") = "hyperlog", "hyperlog\hyperlog.vcxproj", "{AFDE69E9-EE3D-470E-8407-C1F0D98F9E3D}"
EndProject
Project("{2150E333-8FDC-42A3-9474-1A3956D46DE8}") = "modules", "modules", "{13E49D84-7EA0-43A2-9B60-4B408A4C7602}"
	ProjectSection(SolutionItems) = preProject
		include\SDK\Modules\HyperLog.h = include\SDK\Modules\HyperLog.h
		include\SDK\Modules\VMM.h = include\SDK\Modules\VMM.h
	EndProjectSection
EndProject
Project("{2150E333-8FDC-42A3-9474-1A3956D46DE8}") = "macros", "macros", "{359218DB-0EBA-4889-8713-732FACAEF18D}"
	ProjectSection(SolutionItems) = preProject
		include\macros\MetaMacros.h = include\macros\MetaMacros.h
	EndProjectSection
EndProject
Project("{2150E333-8FDC-42A3-9474-1A3956D46DE8}") = "components", "components", "{DF15E9D4-976B-4E1D-B68F-9B67F93654BF}"
EndProject
Project("{2150E333-8FDC-42A3-9474-1A3956D46DE8}") = "spinlock", "spinlock", "{66E41242-266A-44B1-803F-616E9FBD761F}"
EndProject
Project("{2150E333-8FDC-42A3-9474-1A3956D46DE8}") = "code", "code", "{30E86BBD-BE38-4FB6-9F54-EA7DA3A30D2E}"
	ProjectSection(SolutionItems) = preProject
		include\components\spinlock\code\Spinlock.c = include\components\spinlock\code\Spinlock.c
	EndProjectSection
EndProject
Project("{2150E333-8FDC-42A3-9474-1A3956D46DE8}") = "header", "header", "{D7284E54-A479-4790-9387-65BDAC2257E1}"
	ProjectSection(SolutionItems) = preProject
		include\components\spinlock\header\Spinlock.h = include\components\spinlock\header\Spinlock.h
	EndProjectSection
EndProject
Project("{2150E333-8FDC-42A3-9474-1A3956D46DE8}") = "optimizations", "optimizations", "{165C089B-6860-4AEA-9F88-67559156C2E7}"
EndProject
Project("{2150E333-8FDC-42A3-9474-1A3956D46DE8}") = "code", "code", "{FCB5111C-C7D9-4E65-8EF7-E9BB80E54B7D}"
	ProjectSection(SolutionItems) = preProject
		include\components\optimizations\code\AvlTree.c = include\components\optimizations\code\AvlTree.c
		include\components\optimizations\code\BinarySearch.c = include\components\optimizations\code\BinarySearch.c
		include\components\optimizations\code\InsertionSort.c = include\components\optimizations\code\InsertionSort.c
		include\components\optimizations\code\OptimizationsExamples.c = include\components\optimizations\code\OptimizationsExamples.c
	EndProjectSection
EndProject
Project("{2150E333-8FDC-42A3-9474-1A3956D46DE8}") = "header", "header", "{D8207406-263E-4831-A8E9-20C4ECE5CA15}"
	ProjectSection(SolutionItems) = preProject
		include\components\optimizations\header\AvlTree.h = include\components\optimizations\header\AvlTree.h
		include\components\optimizations\header\BinarySearch.h = include\components\optimizations\header\BinarySearch.h
		include\components\optimizations\header\InsertionSort.h = include\components\optimizations\header\InsertionSort.h
		include\components\optimizations\header\OptimizationsExamples.h = include\components\optimizations\header\OptimizationsExamples.h
	EndProjectSection
EndProject
Project("{2150E333-8FDC-42A3-9474-1A3956D46DE8}") = "platform", "platform", "{9A711E36-8A78-4CE6-A34D-F681AF89A919}"
EndProject
Project("{2150E333-8FDC-42A3-9474-1A3956D46DE8}") = "user", "user", "{015523BA-4326-4A84-9CB5-E1E9B6182209}"
EndProject
Project("{2150E333-8FDC-42A3-9474-1A3956D46DE8}") = "kernel", "kernel", "{D0E5A2D1-787E-4129-A75B-34DD4D5FDFC7}"
EndProject
Project("{2150E333-8FDC-42A3-9474-1A3956D46DE8}") = "code", "code", "{6498728B-D9B0-4CAB-A9E3-ACE5BC371010}"
	ProjectSection(SolutionItems) = preProject
		include\platform\kernel\code\Mem.c = include\platform\kernel\code\Mem.c
	EndProjectSection
EndProject
Project("{2150E333-8FDC-42A3-9474-1A3956D46DE8}") = "header", "header", "{AA41FFF1-A730-433E-8D26-13DA5B653825}"
	ProjectSection(SolutionItems) = preProject
		include\platform\kernel\header\Environment.h = include\platform\kernel\header\Environment.h
		include\platform\kernel\header\Mem.h = include\platform\kernel\header\Mem.h
	EndProjectSection
EndProject
Project("{2150E333-8FDC-42A3-9474-1A3956D46DE8}") = "code", "code", "{4BF590C3-1032-4DD2-BF87-BB9E5781977C}"
EndProject
Project("{2150E333-8FDC-42A3-9474-1A3956D46DE8}") = "header", "header", "{DBE32379-8D5A-4454-A1B6-ACC407881898}"
	ProjectSection(SolutionItems) = preProject
		include\platform\user\header\Environment.h = include\platform\user\header\Environment.h
	EndProjectSection
EndProject
Project("{2150E333-8FDC-42A3-9474-1A3956D46DE8}") = "user", "user", "{3C04357D-93B5-4472-94BB-8D22A1EB16DB}"
	ProjectSection(SolutionItems) = preProject
		include\SDK\Imports\User\HyperDbgLibImports.h = include\SDK\Imports\User\HyperDbgLibImports.h
		include\SDK\Imports\User\HyperDbgScriptImports.h = include\SDK\Imports\User\HyperDbgScriptImports.h
		include\SDK\Imports\User\HyperDbgSymImports.h = include\SDK\Imports\User\HyperDbgSymImports.h
	EndProjectSection
EndProject
Project("{2150E333-8FDC-42A3-9474-1A3956D46DE8}") = "kernel", "kernel", "{947577A8-A9A5-4F90-8883-5FB722FE58E2}"
	ProjectSection(SolutionItems) = preProject
		include\SDK\Imports\Kernel\HyperDbgHyperLogImports.h = include\SDK\Imports\Kernel\HyperDbgHyperLogImports.h
		include\SDK\Imports\Kernel\HyperDbgHyperLogIntrinsics.h = include\SDK\Imports\Kernel\HyperDbgHyperLogIntrinsics.h
		include\SDK\Imports\Kernel\HyperDbgVmmImports.h = include\SDK\Imports\Kernel\HyperDbgVmmImports.h
	EndProjectSection
EndProject
Project("{2150E333-8FDC-42A3-9474-1A3956D46DE8}") = "zydis", "zydis", "{08BF9299-FCE9-439C-A66C-1C8AFEC93866}"
	ProjectSection(SolutionItems) = preProject
		include\zydis\ZycoreExportConfig.h = include\zydis\ZycoreExportConfig.h
		include\zydis\ZydisExportConfig.h = include\zydis\ZydisExportConfig.h
	EndProjectSection
EndProject
Project("{2150E333-8FDC-42A3-9474-1A3956D46DE8}") = "keystone", "keystone", "{7271D70C-319A-455C-AD4A-BE0BC46FEE15}"
	ProjectSection(SolutionItems) = preProject
		include\keystone\arm.h = include\keystone\arm.h
		include\keystone\arm64.h = include\keystone\arm64.h
		include\keystone\evm.h = include\keystone\evm.h
		include\keystone\hexagon.h = include\keystone\hexagon.h
		include\keystone\keystone.h = include\keystone\keystone.h
		include\keystone\mips.h = include\keystone\mips.h
		include\keystone\ppc.h = include\keystone\ppc.h
		include\keystone\riscv.h = include\keystone\riscv.h
		include\keystone\sparc.h = include\keystone\sparc.h
		include\keystone\systemz.h = include\keystone\systemz.h
		include\keystone\x86.h = include\keystone\x86.h
	EndProjectSection
EndProject
Project("{2150E333-8FDC-42A3-9474-1A3956D46DE8}") = "examples", "examples", "{C5BCEFF7-8097-4331-A96E-4F4857774AD8}"
EndProject
Project("{2150E333-8FDC-42A3-9474-1A3956D46DE8}") = "kernel", "kernel", "{5D395DF2-B247-48CC-924B-7F5D196C247A}"
EndProject
Project("{2150E333-8FDC-42A3-9474-1A3956D46DE8}") = "user", "user", "{2104BCF9-035E-45AA-B744-68A5B8FEFF13}"
EndProject
Project("{8BC9CEB8-8B4A-11D0-8D11-00A0C91BC942}") = "hyperdbg_driver", "..\examples\kernel\hyperdbg_driver\hyperdbg_driver.vcxproj", "{79AB8BD3-03A4-4B65-ABF6-313C10A00CC5}"
	ProjectSection(ProjectDependencies) = postProject
		{BB17323A-2460-4AE1-8AFE-B367400B934F} = {BB17323A-2460-4AE1-8AFE-B367400B934F}
	EndProjectSection
EndProject
Project("{8BC9CEB8-8B4A-11D0-8D11-00A0C91BC942}") = "hyperdbg_app", "..\examples\user\hyperdbg_app\hyperdbg_app.vcxproj", "{991B8FA7-F75E-4D8A-A0BD-636FE68B6AF4}"
	ProjectSection(ProjectDependencies) = postProject
		{809C3AD5-3211-4992-A472-9D81D124C5FA} = {809C3AD5-3211-4992-A472-9D81D124C5FA}
	EndProjectSection
EndProject
Global
	GlobalSection(SolutionConfigurationPlatforms) = preSolution
		debug|x64 = debug|x64
		release|x64 = release|x64
	EndGlobalSection
	GlobalSection(ProjectConfigurationPlatforms) = postSolution
		{FBCBBBAD-4EAE-469E-827F-F59FE9E7375B}.debug|x64.ActiveCfg = debug|x64
		{FBCBBBAD-4EAE-469E-827F-F59FE9E7375B}.debug|x64.Build.0 = debug|x64
		{FBCBBBAD-4EAE-469E-827F-F59FE9E7375B}.release|x64.ActiveCfg = release|x64
		{FBCBBBAD-4EAE-469E-827F-F59FE9E7375B}.release|x64.Build.0 = release|x64
		{BB17323A-2460-4AE1-8AFE-B367400B934F}.debug|x64.ActiveCfg = debug|x64
		{BB17323A-2460-4AE1-8AFE-B367400B934F}.debug|x64.Build.0 = debug|x64
		{BB17323A-2460-4AE1-8AFE-B367400B934F}.release|x64.ActiveCfg = release|x64
		{BB17323A-2460-4AE1-8AFE-B367400B934F}.release|x64.Build.0 = release|x64
		{809C3AD5-3211-4992-A472-9D81D124C5FA}.debug|x64.ActiveCfg = debug|x64
		{809C3AD5-3211-4992-A472-9D81D124C5FA}.debug|x64.Build.0 = debug|x64
		{809C3AD5-3211-4992-A472-9D81D124C5FA}.release|x64.ActiveCfg = release|x64
		{809C3AD5-3211-4992-A472-9D81D124C5FA}.release|x64.Build.0 = release|x64
		{C3DC85E1-0559-4B58-9792-DE421472DFE9}.debug|x64.ActiveCfg = debug|x64
		{C3DC85E1-0559-4B58-9792-DE421472DFE9}.debug|x64.Build.0 = debug|x64
		{C3DC85E1-0559-4B58-9792-DE421472DFE9}.release|x64.ActiveCfg = release|x64
		{C2D44C60-3F23-4972-8F60-21083B9FB112}.debug|x64.ActiveCfg = debug|x64
		{C2D44C60-3F23-4972-8F60-21083B9FB112}.debug|x64.Build.0 = debug|x64
		{C2D44C60-3F23-4972-8F60-21083B9FB112}.release|x64.ActiveCfg = release|x64
		{C2D44C60-3F23-4972-8F60-21083B9FB112}.release|x64.Build.0 = release|x64
		{2D988267-CC53-41E3-936A-48CEF9049DF5}.debug|x64.ActiveCfg = debug|x64
		{2D988267-CC53-41E3-936A-48CEF9049DF5}.debug|x64.Build.0 = debug|x64
		{2D988267-CC53-41E3-936A-48CEF9049DF5}.release|x64.ActiveCfg = release|x64
		{2D988267-CC53-41E3-936A-48CEF9049DF5}.release|x64.Build.0 = release|x64
		{9CA3E213-C43F-4C1D-A6ED-C6FC568D691B}.debug|x64.ActiveCfg = debug|x64
		{9CA3E213-C43F-4C1D-A6ED-C6FC568D691B}.debug|x64.Build.0 = debug|x64
		{9CA3E213-C43F-4C1D-A6ED-C6FC568D691B}.release|x64.ActiveCfg = release|x64
		{9CA3E213-C43F-4C1D-A6ED-C6FC568D691B}.release|x64.Build.0 = release|x64
		{06FB1AF7-647C-4BA4-860A-4533763440F9}.debug|x64.ActiveCfg = debug|x64
		{06FB1AF7-647C-4BA4-860A-4533763440F9}.debug|x64.Build.0 = debug|x64
		{06FB1AF7-647C-4BA4-860A-4533763440F9}.release|x64.ActiveCfg = release|x64
		{06FB1AF7-647C-4BA4-860A-4533763440F9}.release|x64.Build.0 = release|x64
		{AFDD7028-1ED9-442E-8A3D-01CFA3AA1CAA}.debug|x64.ActiveCfg = debug|x64
		{AFDD7028-1ED9-442E-8A3D-01CFA3AA1CAA}.debug|x64.Build.0 = debug|x64
		{AFDD7028-1ED9-442E-8A3D-01CFA3AA1CAA}.release|x64.ActiveCfg = release|x64
		{AFDD7028-1ED9-442E-8A3D-01CFA3AA1CAA}.release|x64.Build.0 = release|x64
		{AFDE69E9-EE3D-470E-8407-C1F0D98F9E3D}.debug|x64.ActiveCfg = debug|x64
		{AFDE69E9-EE3D-470E-8407-C1F0D98F9E3D}.debug|x64.Build.0 = debug|x64
		{AFDE69E9-EE3D-470E-8407-C1F0D98F9E3D}.release|x64.ActiveCfg = release|x64
		{AFDE69E9-EE3D-470E-8407-C1F0D98F9E3D}.release|x64.Build.0 = release|x64
		{79AB8BD3-03A4-4B65-ABF6-313C10A00CC5}.debug|x64.ActiveCfg = debug|x64
		{79AB8BD3-03A4-4B65-ABF6-313C10A00CC5}.release|x64.ActiveCfg = release|x64
		{991B8FA7-F75E-4D8A-A0BD-636FE68B6AF4}.debug|x64.ActiveCfg = debug|x64
		{991B8FA7-F75E-4D8A-A0BD-636FE68B6AF4}.release|x64.ActiveCfg = release|x64
	EndGlobalSection
	GlobalSection(SolutionProperties) = preSolution
		HideSolutionNode = FALSE
	EndGlobalSection
	GlobalSection(NestedProjects) = preSolution
		{7EA9E1E8-4283-4CEF-9629-C5C98CD706C7} = {1997E4B6-FE49-4358-ADF1-CDDB5739508E}
		{D67D603F-4F99-4C0B-94BE-F4A2C6CC22B5} = {7EA9E1E8-4283-4CEF-9629-C5C98CD706C7}
		{4C47AB91-DF41-4741-80AF-FD87C32A961E} = {2CC2975A-9B33-400D-840F-9A71BB312928}
		{952986BC-7B3D-4F50-BC69-4D11FA52D9C5} = {2CC2975A-9B33-400D-840F-9A71BB312928}
		{B3D9DA75-8FBD-4A2C-826A-B50406396EC4} = {7EA9E1E8-4283-4CEF-9629-C5C98CD706C7}
		{13E49D84-7EA0-43A2-9B60-4B408A4C7602} = {7EA9E1E8-4283-4CEF-9629-C5C98CD706C7}
		{359218DB-0EBA-4889-8713-732FACAEF18D} = {1997E4B6-FE49-4358-ADF1-CDDB5739508E}
		{DF15E9D4-976B-4E1D-B68F-9B67F93654BF} = {1997E4B6-FE49-4358-ADF1-CDDB5739508E}
		{66E41242-266A-44B1-803F-616E9FBD761F} = {DF15E9D4-976B-4E1D-B68F-9B67F93654BF}
		{30E86BBD-BE38-4FB6-9F54-EA7DA3A30D2E} = {66E41242-266A-44B1-803F-616E9FBD761F}
		{D7284E54-A479-4790-9387-65BDAC2257E1} = {66E41242-266A-44B1-803F-616E9FBD761F}
		{165C089B-6860-4AEA-9F88-67559156C2E7} = {DF15E9D4-976B-4E1D-B68F-9B67F93654BF}
		{FCB5111C-C7D9-4E65-8EF7-E9BB80E54B7D} = {165C089B-6860-4AEA-9F88-67559156C2E7}
		{D8207406-263E-4831-A8E9-20C4ECE5CA15} = {165C089B-6860-4AEA-9F88-67559156C2E7}
		{9A711E36-8A78-4CE6-A34D-F681AF89A919} = {1997E4B6-FE49-4358-ADF1-CDDB5739508E}
		{015523BA-4326-4A84-9CB5-E1E9B6182209} = {9A711E36-8A78-4CE6-A34D-F681AF89A919}
		{D0E5A2D1-787E-4129-A75B-34DD4D5FDFC7} = {9A711E36-8A78-4CE6-A34D-F681AF89A919}
		{6498728B-D9B0-4CAB-A9E3-ACE5BC371010} = {D0E5A2D1-787E-4129-A75B-34DD4D5FDFC7}
		{AA41FFF1-A730-433E-8D26-13DA5B653825} = {D0E5A2D1-787E-4129-A75B-34DD4D5FDFC7}
		{4BF590C3-1032-4DD2-BF87-BB9E5781977C} = {015523BA-4326-4A84-9CB5-E1E9B6182209}
		{DBE32379-8D5A-4454-A1B6-ACC407881898} = {015523BA-4326-4A84-9CB5-E1E9B6182209}
		{3C04357D-93B5-4472-94BB-8D22A1EB16DB} = {B3D9DA75-8FBD-4A2C-826A-B50406396EC4}
		{947577A8-A9A5-4F90-8883-5FB722FE58E2} = {B3D9DA75-8FBD-4A2C-826A-B50406396EC4}
		{08BF9299-FCE9-439C-A66C-1C8AFEC93866} = {1997E4B6-FE49-4358-ADF1-CDDB5739508E}
		{7271D70C-319A-455C-AD4A-BE0BC46FEE15} = {1997E4B6-FE49-4358-ADF1-CDDB5739508E}
		{5D395DF2-B247-48CC-924B-7F5D196C247A} = {C5BCEFF7-8097-4331-A96E-4F4857774AD8}
		{2104BCF9-035E-45AA-B744-68A5B8FEFF13} = {C5BCEFF7-8097-4331-A96E-4F4857774AD8}
		{79AB8BD3-03A4-4B65-ABF6-313C10A00CC5} = {5D395DF2-B247-48CC-924B-7F5D196C247A}
		{991B8FA7-F75E-4D8A-A0BD-636FE68B6AF4} = {2104BCF9-035E-45AA-B744-68A5B8FEFF13}
	EndGlobalSection
	GlobalSection(ExtensibilityGlobals) = postSolution
		SolutionGuid = {1444BEC7-11CE-4CA6-B77C-5F98AC9BFAEB}
	EndGlobalSection
EndGlobal
