
Microsoft Visual Studio Solution File, Format Version 12.00
# Visual Studio Version 16
VisualStudioVersion = 16.0.29613.14
MinimumVisualStudioVersion = 10.0.40219.1
Project("{FAE04EC0-301F-11D3-BF4B-00C04F79EFBC}") = "hyperdbg-gui", "hyperdbg-gui\hyperdbg-gui.csproj", "{0686644C-B939-4E46-B942-D01D81B4C6A7}"
EndProject
Global
	GlobalSection(SolutionConfigurationPlatforms) = preSolution
		Debug|Any CPU = Debug|Any CPU
		Release|Any CPU = Release|Any CPU
	EndGlobalSection
	GlobalSection(ProjectConfigurationPlatforms) = postSolution
		{0686644C-B939-4E46-B942-D01D81B4C6A7}.Debug|Any CPU.ActiveCfg = Debug|Any CPU
		{0686644C-B939-4E46-B942-D01D81B4C6A7}.Debug|Any CPU.Build.0 = Debug|Any CPU
		{0686644C-B939-4E46-B942-D01D81B4C6A7}.Release|Any CPU.ActiveCfg = Release|Any CPU
		{0686644C-B939-4E46-B942-D01D81B4C6A7}.Release|Any CPU.Build.0 = Release|Any CPU
	EndGlobalSection
	GlobalSection(SolutionProperties) = preSolution
		HideSolutionNode = FALSE
	EndGlobalSection
	GlobalSection(ExtensibilityGlobals) = postSolution
		SolutionGuid = {3F6BC7EC-455F-4145-B584-4ED1E3EDBCAC}
	EndGlobalSection
EndGlobal
