<?xml version="1.0" encoding="utf-8"?>
<Project ToolsVersion="4.0" xmlns="http://schemas.microsoft.com/developer/msbuild/2003">
  <ItemGroup>
    <Filter Include="code">
      <UniqueIdentifier>{4FC737F1-C7A5-4376-A066-2A32D752A2FF}</UniqueIdentifier>
      <Extensions>cpp;c;cc;cxx;def;odl;idl;hpj;bat;asm;asmx</Extensions>
    </Filter>
    <Filter Include="header">
      <UniqueIdentifier>{93995380-89BD-4b04-88EB-625FBE52EBFB}</UniqueIdentifier>
      <Extensions>h;hpp;hxx;hm;inl;inc;xsd</Extensions>
    </Filter>
    <Filter Include="header\platform">
      <UniqueIdentifier>{1ab177b4-9e6c-460e-834a-8fced04b42a3}</UniqueIdentifier>
    </Filter>
    <Filter Include="code\platform">
      <UniqueIdentifier>{21f0281e-fc2a-4e13-97ac-e4b35a05a31e}</UniqueIdentifier>
    </Filter>
    <Filter Include="code\api">
      <UniqueIdentifier>{09d5457a-bade-4a3f-a171-641110492d57}</UniqueIdentifier>
    </Filter>
    <Filter Include="code\broadcast">
      <UniqueIdentifier>{b8b32a09-61fb-433a-ad79-eb7cfc5f3437}</UniqueIdentifier>
    </Filter>
    <Filter Include="code\common">
      <UniqueIdentifier>{32ea8333-847b-443d-8992-4140d54dc1d3}</UniqueIdentifier>
    </Filter>
    <Filter Include="header\api">
      <UniqueIdentifier>{df6eb164-34b2-4f2a-9530-b88443662fb7}</UniqueIdentifier>
    </Filter>
    <Filter Include="header\broadcast">
      <UniqueIdentifier>{cb4e742a-6e43-4798-af4a-72bcb11089c9}</UniqueIdentifier>
    </Filter>
    <Filter Include="header\common">
      <UniqueIdentifier>{ab21116d-5f5b-4ef8-82bb-6585ac3dec95}</UniqueIdentifier>
    </Filter>
    <Filter Include="header\globals">
      <UniqueIdentifier>{57d56081-eede-41a3-b9f0-e7019d32c986}</UniqueIdentifier>
    </Filter>
    <Filter Include="code\components">
      <UniqueIdentifier>{4f62540b-d186-479e-83a0-1b550134f487}</UniqueIdentifier>
    </Filter>
    <Filter Include="code\components\callback">
      <UniqueIdentifier>{9fe877a7-e261-4579-9752-a3156b6e69d9}</UniqueIdentifier>
    </Filter>
    <Filter Include="header\components">
      <UniqueIdentifier>{8bc2336a-b1c5-4e93-9793-23a5cfdc741d}</UniqueIdentifier>
    </Filter>
    <Filter Include="header\components\callback">
      <UniqueIdentifier>{fc73555b-2be3-4898-bcdb-df83fa3e1388}</UniqueIdentifier>
    </Filter>
  </ItemGroup>
  <ItemGroup>
    <ClCompile Include="..\include\platform\kernel\code\PlatformMem.c">
      <Filter>code\platform</Filter>
    </ClCompile>
    <ClCompile Include="code\broadcast\Broadcast.c">
      <Filter>code\broadcast</Filter>
    </ClCompile>
    <ClCompile Include="code\broadcast\DpcRoutines.c">
      <Filter>code\broadcast</Filter>
    </ClCompile>
    <ClCompile Include="code\common\UnloadDll.c">
      <Filter>code\common</Filter>
    </ClCompile>
    <ClCompile Include="code\api\PerfApi.c">
      <Filter>code\api</Filter>
    </ClCompile>
    <ClCompile Include="..\include\platform\kernel\code\PlatformIntrinsics.c">
      <Filter>code\platform</Filter>
    </ClCompile>
    <ClCompile Include="..\include\platform\kernel\code\PlatformBroadcast.c">
      <Filter>code\broadcast</Filter>
    </ClCompile>
    <ClCompile Include="..\include\platform\kernel\code\PlatformCpu.c">
      <Filter>code\platform</Filter>
    </ClCompile>
    <ClCompile Include="..\include\components\callback\code\HyperLogCallback.c">
      <Filter>code\components\callback</Filter>
    </ClCompile>
  </ItemGroup>
  <ItemGroup>
    <ClInclude Include="..\include\platform\kernel\header\PlatformMem.h">
      <Filter>header\platform</Filter>
    </ClInclude>
    <ClInclude Include="header\broadcast\Broadcast.h">
      <Filter>header\broadcast</Filter>
    </ClInclude>
    <ClInclude Include="header\broadcast\DpcRoutines.h">
      <Filter>header\broadcast</Filter>
    </ClInclude>
    <ClInclude Include="header\common\UnloadDll.h">
      <Filter>header\common</Filter>
    </ClInclude>
    <ClInclude Include="header\globals\GlobalVariables.h">
      <Filter>header\globals</Filter>
    </ClInclude>
    <ClInclude Include="header\api\PerfApi.h">
      <Filter>header\api</Filter>
    </ClInclude>
    <ClInclude Include="..\include\platform\kernel\header\PlatformIntrinsics.h">
      <Filter>header\platform</Filter>
    </ClInclude>
    <ClInclude Include="..\include\platform\kernel\header\PlatformBroadcast.h">
      <Filter>header\platform</Filter>
    </ClInclude>
    <ClInclude Include="..\include\platform\kernel\header\PlatformCpu.h">
      <Filter>header\platform</Filter>
    </ClInclude>
    <ClInclude Include="..\include\components\callback\header\HyperLogCallback.h">
      <Filter>header\components\callback</Filter>
    </ClInclude>
    <ClInclude Include="header\pch.h">
      <Filter>header</Filter>
    </ClInclude>
  </ItemGroup>
  <ItemGroup>
    <None Include="packages.config" />
  </ItemGroup>
</Project>