<?xml version="1.0" encoding="utf-8"?>
<Project ToolsVersion="4.0" xmlns="http://schemas.microsoft.com/developer/msbuild/2003">
  <ItemGroup>
    <Filter Include="header">
      <UniqueIdentifier>{93995380-89BD-4b04-88EB-625FBE52EBFB}</UniqueIdentifier>
      <Extensions>h;hh;hpp;hxx;hm;inl;inc;ipp;xsd</Extensions>
    </Filter>
    <Filter Include="code">
      <UniqueIdentifier>{67DA6AB6-F800-4c08-8B7A-83BB121AAD01}</UniqueIdentifier>
      <Extensions>rc;ico;cur;bmp;dlg;rc2;rct;bin;rgs;gif;jpg;jpeg;jpe;resx;tiff;tif;png;wav;mfcribbon-ms</Extensions>
    </Filter>
    <Filter Include="code\app">
      <UniqueIdentifier>{c34ee59d-d780-4ffd-bfc0-2e6017257f88}</UniqueIdentifier>
    </Filter>
    <Filter Include="code\common">
      <UniqueIdentifier>{f2afff38-c518-4252-bd1d-7573d4190f44}</UniqueIdentifier>
    </Filter>
    <Filter Include="code\debugger">
      <UniqueIdentifier>{cb7159dd-9497-477e-98df-23159103b037}</UniqueIdentifier>
    </Filter>
    <Filter Include="code\debugger\commands">
      <UniqueIdentifier>{2f4ae7fa-1e79-4ff8-9a3a-7f5cca3c4143}</UniqueIdentifier>
    </Filter>
    <Filter Include="code\debugger\commands\debugging-commands">
      <UniqueIdentifier>{b19aa95a-347c-4c7a-b96c-ad4d05bdc05c}</UniqueIdentifier>
    </Filter>
    <Filter Include="code\debugger\commands\extension-commands">
      <UniqueIdentifier>{6d1d6434-d27d-4f59-83be-301399c3fef8}</UniqueIdentifier>
    </Filter>
    <Filter Include="code\debugger\commands\meta-commands">
      <UniqueIdentifier>{87fb4212-f9a2-4dba-b943-b1d3a7807c28}</UniqueIdentifier>
    </Filter>
    <Filter Include="code\debugger\communication">
      <UniqueIdentifier>{7522bb67-3e10-4cdc-8d80-13d45ea74661}</UniqueIdentifier>
    </Filter>
    <Filter Include="code\debugger\driver-loader">
      <UniqueIdentifier>{575468fb-d58f-47c5-9e62-7365873159c7}</UniqueIdentifier>
    </Filter>
    <Filter Include="code\debugger\tests">
      <UniqueIdentifier>{75cfa57c-a5af-4b8b-ae07-e4b9f9c56f6a}</UniqueIdentifier>
    </Filter>
    <Filter Include="code\debugger\transparency">
      <UniqueIdentifier>{4fbff165-6d2b-4ea2-ae47-7ec44cf79f2f}</UniqueIdentifier>
    </Filter>
    <Filter Include="code\assembly">
      <UniqueIdentifier>{ed8a8dd7-a467-4ebc-b8e8-2126d1b061dd}</UniqueIdentifier>
    </Filter>
    <Filter Include="code\debugger\core">
      <UniqueIdentifier>{a2e82957-85a0-4336-8b27-5804e9503d58}</UniqueIdentifier>
    </Filter>
    <Filter Include="code\debugger\misc">
      <UniqueIdentifier>{1acac1bd-b4c9-43de-abce-1513fe16609a}</UniqueIdentifier>
    </Filter>
    <Filter Include="code\debugger\user-level">
      <UniqueIdentifier>{99209a5e-ea79-45ff-b830-1da660afcb75}</UniqueIdentifier>
    </Filter>
    <Filter Include="code\debugger\kernel-level">
      <UniqueIdentifier>{2f700221-e2a8-4d14-bc0a-2541768d7a57}</UniqueIdentifier>
    </Filter>
    <Filter Include="code\objects">
      <UniqueIdentifier>{e42b58d1-94e6-4c41-bf1c-7a4103005ced}</UniqueIdentifier>
    </Filter>
    <Filter Include="code\debugger\script-engine">
      <UniqueIdentifier>{59d00535-ea51-41cc-8ffd-e28b1ec11371}</UniqueIdentifier>
    </Filter>
    <Filter Include="code\script-eval">
      <UniqueIdentifier>{9a547a24-cf46-4d53-a723-9fcbd29db4d3}</UniqueIdentifier>
    </Filter>
    <Filter Include="code\rev">
      <UniqueIdentifier>{4d49c742-e10d-4d2b-9178-e65c665c99a0}</UniqueIdentifier>
    </Filter>
    <Filter Include="header\platform">
      <UniqueIdentifier>{0467199d-cfbb-4020-a550-48df489d65e0}</UniqueIdentifier>
    </Filter>
    <Filter Include="code\platform">
      <UniqueIdentifier>{81ab704c-2463-4499-867a-f259a77bd2ab}</UniqueIdentifier>
    </Filter>
    <Filter Include="code\debugger\commands\hwdbg-commands">
      <UniqueIdentifier>{00b0ccc1-7b0a-431a-9b01-8aff285f14cb}</UniqueIdentifier>
    </Filter>
    <Filter Include="code\hwdbg">
      <UniqueIdentifier>{a27149ec-f7ce-4356-998f-79bd2a7e7961}</UniqueIdentifier>
    </Filter>
    <Filter Include="code\export">
      <UniqueIdentifier>{cfacdcfe-8503-4a00-b7e2-75b0e906f75e}</UniqueIdentifier>
    </Filter>
  </ItemGroup>
  <ItemGroup>
    <ClInclude Include="pch.h">
      <Filter>header</Filter>
    </ClInclude>
    <ClInclude Include="header\commands.h">
      <Filter>header</Filter>
    </ClInclude>
    <ClInclude Include="header\common.h">
      <Filter>header</Filter>
    </ClInclude>
    <ClInclude Include="header\communication.h">
      <Filter>header</Filter>
    </ClInclude>
    <ClInclude Include="header\debugger.h">
      <Filter>header</Filter>
    </ClInclude>
    <ClInclude Include="header\forwarding.h">
      <Filter>header</Filter>
    </ClInclude>
    <ClInclude Include="header\globals.h">
      <Filter>header</Filter>
    </ClInclude>
    <ClInclude Include="header\help.h">
      <Filter>header</Filter>
    </ClInclude>
    <ClInclude Include="header\inipp.h">
      <Filter>header</Filter>
    </ClInclude>
    <ClInclude Include="header\install.h">
      <Filter>header</Filter>
    </ClInclude>
    <ClInclude Include="header\kd.h">
      <Filter>header</Filter>
    </ClInclude>
    <ClInclude Include="header\list.h">
      <Filter>header</Filter>
    </ClInclude>
    <ClInclude Include="header\namedpipe.h">
      <Filter>header</Filter>
    </ClInclude>
    <ClInclude Include="header\script-engine.h">
      <Filter>header</Filter>
    </ClInclude>
    <ClInclude Include="header\symbol.h">
      <Filter>header</Filter>
    </ClInclude>
    <ClInclude Include="header\tests.h">
      <Filter>header</Filter>
    </ClInclude>
    <ClInclude Include="header\transparency.h">
      <Filter>header</Filter>
    </ClInclude>
    <ClInclude Include="header\pe-parser.h">
      <Filter>header</Filter>
    </ClInclude>
    <ClInclude Include="header\ud.h">
      <Filter>header</Filter>
    </ClInclude>
    <ClInclude Include="header\objects.h">
      <Filter>header</Filter>
    </ClInclude>
    <ClInclude Include="header\rev-ctrl.h">
      <Filter>header</Filter>
    </ClInclude>
    <ClInclude Include="..\include\platform\user\header\Environment.h">
      <Filter>header\platform</Filter>
    </ClInclude>
    <ClInclude Include="header\hwdbg-interpreter.h">
      <Filter>header</Filter>
    </ClInclude>
    <ClInclude Include="..\include\platform\user\header\Windows.h">
      <Filter>header\platform</Filter>
    </ClInclude>
    <ClInclude Include="header\export.h">
      <Filter>header</Filter>
    </ClInclude>
    <ClInclude Include="header\libhyperdbg.h">
      <Filter>header</Filter>
    </ClInclude>
    <ClInclude Include="header\assembler.h">
      <Filter>header</Filter>
    </ClInclude>
    <ClInclude Include="header\steppings.h">
      <Filter>header</Filter>
    </ClInclude>
    <ClInclude Include="header\hwdbg-scripts.h">
      <Filter>header</Filter>
    </ClInclude>
    <ClInclude Include="pci-id.h">
      <Filter>header</Filter>
    </ClInclude>
  </ItemGroup>
  <ItemGroup>
    <ClCompile Include="pch.cpp">
      <Filter>code\app</Filter>
    </ClCompile>
    <ClCompile Include="code\app\dllmain.cpp">
      <Filter>code\app</Filter>
    </ClCompile>
    <ClCompile Include="code\app\libhyperdbg.cpp">
      <Filter>code\app</Filter>
    </ClCompile>
    <ClCompile Include="code\common\common.cpp">
      <Filter>code\common</Filter>
    </ClCompile>
    <ClCompile Include="code\common\list.cpp">
      <Filter>code\common</Filter>
    </ClCompile>
    <ClCompile Include="code\debugger\commands\debugging-commands\bc.cpp">
      <Filter>code\debugger\commands\debugging-commands</Filter>
    </ClCompile>
    <ClCompile Include="code\debugger\commands\debugging-commands\bd.cpp">
      <Filter>code\debugger\commands\debugging-commands</Filter>
    </ClCompile>
    <ClCompile Include="code\debugger\commands\debugging-commands\be.cpp">
      <Filter>code\debugger\commands\debugging-commands</Filter>
    </ClCompile>
    <ClCompile Include="code\debugger\commands\debugging-commands\bl.cpp">
      <Filter>code\debugger\commands\debugging-commands</Filter>
    </ClCompile>
    <ClCompile Include="code\debugger\commands\debugging-commands\bp.cpp">
      <Filter>code\debugger\commands\debugging-commands</Filter>
    </ClCompile>
    <ClCompile Include="code\debugger\commands\debugging-commands\cpu.cpp">
      <Filter>code\debugger\commands\debugging-commands</Filter>
    </ClCompile>
    <ClCompile Include="code\debugger\commands\debugging-commands\d-u.cpp">
      <Filter>code\debugger\commands\debugging-commands</Filter>
    </ClCompile>
    <ClCompile Include="code\debugger\commands\debugging-commands\e.cpp">
      <Filter>code\debugger\commands\debugging-commands</Filter>
    </ClCompile>
    <ClCompile Include="code\debugger\commands\debugging-commands\eval.cpp">
      <Filter>code\debugger\commands\debugging-commands</Filter>
    </ClCompile>
    <ClCompile Include="code\debugger\commands\debugging-commands\events.cpp">
      <Filter>code\debugger\commands\debugging-commands</Filter>
    </ClCompile>
    <ClCompile Include="code\debugger\commands\debugging-commands\exit.cpp">
      <Filter>code\debugger\commands\debugging-commands</Filter>
    </ClCompile>
    <ClCompile Include="code\debugger\commands\debugging-commands\flush.cpp">
      <Filter>code\debugger\commands\debugging-commands</Filter>
    </ClCompile>
    <ClCompile Include="code\debugger\commands\debugging-commands\g.cpp">
      <Filter>code\debugger\commands\debugging-commands</Filter>
    </ClCompile>
    <ClCompile Include="code\debugger\commands\debugging-commands\i.cpp">
      <Filter>code\debugger\commands\debugging-commands</Filter>
    </ClCompile>
    <ClCompile Include="code\debugger\commands\debugging-commands\lm.cpp">
      <Filter>code\debugger\commands\debugging-commands</Filter>
    </ClCompile>
    <ClCompile Include="code\debugger\commands\debugging-commands\load.cpp">
      <Filter>code\debugger\commands\debugging-commands</Filter>
    </ClCompile>
    <ClCompile Include="code\debugger\commands\debugging-commands\output.cpp">
      <Filter>code\debugger\commands\debugging-commands</Filter>
    </ClCompile>
    <ClCompile Include="code\debugger\commands\debugging-commands\p.cpp">
      <Filter>code\debugger\commands\debugging-commands</Filter>
    </ClCompile>
    <ClCompile Include="code\debugger\commands\debugging-commands\pause.cpp">
      <Filter>code\debugger\commands\debugging-commands</Filter>
    </ClCompile>
    <ClCompile Include="code\debugger\commands\debugging-commands\print.cpp">
      <Filter>code\debugger\commands\debugging-commands</Filter>
    </ClCompile>
    <ClCompile Include="code\debugger\commands\debugging-commands\r.cpp">
      <Filter>code\debugger\commands\debugging-commands</Filter>
    </ClCompile>
    <ClCompile Include="code\debugger\commands\debugging-commands\rdmsr.cpp">
      <Filter>code\debugger\commands\debugging-commands</Filter>
    </ClCompile>
    <ClCompile Include="code\debugger\commands\debugging-commands\s.cpp">
      <Filter>code\debugger\commands\debugging-commands</Filter>
    </ClCompile>
    <ClCompile Include="code\debugger\commands\debugging-commands\settings.cpp">
      <Filter>code\debugger\commands\debugging-commands</Filter>
    </ClCompile>
    <ClCompile Include="code\debugger\commands\debugging-commands\sleep.cpp">
      <Filter>code\debugger\commands\debugging-commands</Filter>
    </ClCompile>
    <ClCompile Include="code\debugger\commands\debugging-commands\t.cpp">
      <Filter>code\debugger\commands\debugging-commands</Filter>
    </ClCompile>
    <ClCompile Include="code\debugger\commands\debugging-commands\test.cpp">
      <Filter>code\debugger\commands\debugging-commands</Filter>
    </ClCompile>
    <ClCompile Include="code\debugger\commands\debugging-commands\unload.cpp">
      <Filter>code\debugger\commands\debugging-commands</Filter>
    </ClCompile>
    <ClCompile Include="code\debugger\commands\debugging-commands\wrmsr.cpp">
      <Filter>code\debugger\commands\debugging-commands</Filter>
    </ClCompile>
    <ClCompile Include="code\debugger\commands\debugging-commands\x.cpp">
      <Filter>code\debugger\commands\debugging-commands</Filter>
    </ClCompile>
    <ClCompile Include="code\debugger\commands\extension-commands\cpuid.cpp">
      <Filter>code\debugger\commands\extension-commands</Filter>
    </ClCompile>
    <ClCompile Include="code\debugger\commands\extension-commands\dr.cpp">
      <Filter>code\debugger\commands\extension-commands</Filter>
    </ClCompile>
    <ClCompile Include="code\debugger\commands\extension-commands\epthook.cpp">
      <Filter>code\debugger\commands\extension-commands</Filter>
    </ClCompile>
    <ClCompile Include="code\debugger\commands\extension-commands\epthook2.cpp">
      <Filter>code\debugger\commands\extension-commands</Filter>
    </ClCompile>
    <ClCompile Include="code\debugger\commands\extension-commands\exception.cpp">
      <Filter>code\debugger\commands\extension-commands</Filter>
    </ClCompile>
    <ClCompile Include="code\debugger\commands\extension-commands\hide.cpp">
      <Filter>code\debugger\commands\extension-commands</Filter>
    </ClCompile>
    <ClCompile Include="code\debugger\commands\extension-commands\interrupt.cpp">
      <Filter>code\debugger\commands\extension-commands</Filter>
    </ClCompile>
    <ClCompile Include="code\debugger\commands\extension-commands\ioin.cpp">
      <Filter>code\debugger\commands\extension-commands</Filter>
    </ClCompile>
    <ClCompile Include="code\debugger\commands\extension-commands\ioout.cpp">
      <Filter>code\debugger\commands\extension-commands</Filter>
    </ClCompile>
    <ClCompile Include="code\debugger\commands\extension-commands\measure.cpp">
      <Filter>code\debugger\commands\extension-commands</Filter>
    </ClCompile>
    <ClCompile Include="code\debugger\commands\extension-commands\monitor.cpp">
      <Filter>code\debugger\commands\extension-commands</Filter>
    </ClCompile>
    <ClCompile Include="code\debugger\commands\extension-commands\msrread.cpp">
      <Filter>code\debugger\commands\extension-commands</Filter>
    </ClCompile>
    <ClCompile Include="code\debugger\commands\extension-commands\msrwrite.cpp">
      <Filter>code\debugger\commands\extension-commands</Filter>
    </ClCompile>
    <ClCompile Include="code\debugger\commands\extension-commands\pa2va.cpp">
      <Filter>code\debugger\commands\extension-commands</Filter>
    </ClCompile>
    <ClCompile Include="code\debugger\commands\extension-commands\pmc.cpp">
      <Filter>code\debugger\commands\extension-commands</Filter>
    </ClCompile>
    <ClCompile Include="code\debugger\commands\extension-commands\pte.cpp">
      <Filter>code\debugger\commands\extension-commands</Filter>
    </ClCompile>
    <ClCompile Include="code\debugger\commands\extension-commands\syscall-sysret.cpp">
      <Filter>code\debugger\commands\extension-commands</Filter>
    </ClCompile>
    <ClCompile Include="code\debugger\commands\extension-commands\tsc.cpp">
      <Filter>code\debugger\commands\extension-commands</Filter>
    </ClCompile>
    <ClCompile Include="code\debugger\commands\extension-commands\unhide.cpp">
      <Filter>code\debugger\commands\extension-commands</Filter>
    </ClCompile>
    <ClCompile Include="code\debugger\commands\extension-commands\va2pa.cpp">
      <Filter>code\debugger\commands\extension-commands</Filter>
    </ClCompile>
    <ClCompile Include="code\debugger\commands\extension-commands\vmcall.cpp">
      <Filter>code\debugger\commands\extension-commands</Filter>
    </ClCompile>
    <ClCompile Include="code\debugger\commands\meta-commands\attach.cpp">
      <Filter>code\debugger\commands\meta-commands</Filter>
    </ClCompile>
    <ClCompile Include="code\debugger\commands\meta-commands\cls.cpp">
      <Filter>code\debugger\commands\meta-commands</Filter>
    </ClCompile>
    <ClCompile Include="code\debugger\commands\meta-commands\connect.cpp">
      <Filter>code\debugger\commands\meta-commands</Filter>
    </ClCompile>
    <ClCompile Include="code\debugger\commands\meta-commands\debug.cpp">
      <Filter>code\debugger\commands\meta-commands</Filter>
    </ClCompile>
    <ClCompile Include="code\debugger\commands\meta-commands\detach.cpp">
      <Filter>code\debugger\commands\meta-commands</Filter>
    </ClCompile>
    <ClCompile Include="code\debugger\commands\meta-commands\disconnect.cpp">
      <Filter>code\debugger\commands\meta-commands</Filter>
    </ClCompile>
    <ClCompile Include="code\debugger\commands\meta-commands\formats.cpp">
      <Filter>code\debugger\commands\meta-commands</Filter>
    </ClCompile>
    <ClCompile Include="code\debugger\commands\meta-commands\help.cpp">
      <Filter>code\debugger\commands\meta-commands</Filter>
    </ClCompile>
    <ClCompile Include="code\debugger\commands\meta-commands\listen.cpp">
      <Filter>code\debugger\commands\meta-commands</Filter>
    </ClCompile>
    <ClCompile Include="code\debugger\commands\meta-commands\logclose.cpp">
      <Filter>code\debugger\commands\meta-commands</Filter>
    </ClCompile>
    <ClCompile Include="code\debugger\commands\meta-commands\logopen.cpp">
      <Filter>code\debugger\commands\meta-commands</Filter>
    </ClCompile>
    <ClCompile Include="code\debugger\commands\meta-commands\process.cpp">
      <Filter>code\debugger\commands\meta-commands</Filter>
    </ClCompile>
    <ClCompile Include="code\debugger\commands\meta-commands\script.cpp">
      <Filter>code\debugger\commands\meta-commands</Filter>
    </ClCompile>
    <ClCompile Include="code\debugger\commands\meta-commands\status.cpp">
      <Filter>code\debugger\commands\meta-commands</Filter>
    </ClCompile>
    <ClCompile Include="code\debugger\commands\meta-commands\sym.cpp">
      <Filter>code\debugger\commands\meta-commands</Filter>
    </ClCompile>
    <ClCompile Include="code\debugger\commands\meta-commands\sympath.cpp">
      <Filter>code\debugger\commands\meta-commands</Filter>
    </ClCompile>
    <ClCompile Include="code\debugger\communication\forwarding.cpp">
      <Filter>code\debugger\communication</Filter>
    </ClCompile>
    <ClCompile Include="code\debugger\communication\namedpipe.cpp">
      <Filter>code\debugger\communication</Filter>
    </ClCompile>
    <ClCompile Include="code\debugger\communication\remote-connection.cpp">
      <Filter>code\debugger\communication</Filter>
    </ClCompile>
    <ClCompile Include="code\debugger\communication\tcpclient.cpp">
      <Filter>code\debugger\communication</Filter>
    </ClCompile>
    <ClCompile Include="code\debugger\communication\tcpserver.cpp">
      <Filter>code\debugger\communication</Filter>
    </ClCompile>
    <ClCompile Include="code\debugger\driver-loader\install.cpp">
      <Filter>code\debugger\driver-loader</Filter>
    </ClCompile>
    <ClCompile Include="code\debugger\tests\tests.cpp">
      <Filter>code\debugger\tests</Filter>
    </ClCompile>
    <ClCompile Include="code\debugger\transparency\gaussian-rng.cpp">
      <Filter>code\debugger\transparency</Filter>
    </ClCompile>
    <ClCompile Include="code\debugger\transparency\transparency.cpp">
      <Filter>code\debugger\transparency</Filter>
    </ClCompile>
    <ClCompile Include="code\debugger\core\break-control.cpp">
      <Filter>code\debugger\core</Filter>
    </ClCompile>
    <ClCompile Include="code\debugger\core\debugger.cpp">
      <Filter>code\debugger\core</Filter>
    </ClCompile>
    <ClCompile Include="code\debugger\core\interpreter.cpp">
      <Filter>code\debugger\core</Filter>
    </ClCompile>
    <ClCompile Include="code\debugger\misc\disassembler.cpp">
      <Filter>code\debugger\misc</Filter>
    </ClCompile>
    <ClCompile Include="code\debugger\misc\readmem.cpp">
      <Filter>code\debugger\misc</Filter>
    </ClCompile>
    <ClCompile Include="code\debugger\commands\debugging-commands\prealloc.cpp">
      <Filter>code\debugger\commands\debugging-commands</Filter>
    </ClCompile>
    <ClCompile Include="code\debugger\commands\meta-commands\thread.cpp">
      <Filter>code\debugger\commands\meta-commands</Filter>
    </ClCompile>
    <ClCompile Include="code\debugger\commands\debugging-commands\k.cpp">
      <Filter>code\debugger\commands\debugging-commands</Filter>
    </ClCompile>
    <ClCompile Include="code\debugger\user-level\pe-parser.cpp">
      <Filter>code\debugger\user-level</Filter>
    </ClCompile>
    <ClCompile Include="code\debugger\commands\meta-commands\pe.cpp">
      <Filter>code\debugger\commands\meta-commands</Filter>
    </ClCompile>
    <ClCompile Include="code\debugger\commands\meta-commands\kill.cpp">
      <Filter>code\debugger\commands\meta-commands</Filter>
    </ClCompile>
    <ClCompile Include="code\debugger\commands\meta-commands\restart.cpp">
      <Filter>code\debugger\commands\meta-commands</Filter>
    </ClCompile>
    <ClCompile Include="code\debugger\commands\meta-commands\start.cpp">
      <Filter>code\debugger\commands\meta-commands</Filter>
    </ClCompile>
    <ClCompile Include="code\debugger\user-level\ud.cpp">
      <Filter>code\debugger\user-level</Filter>
    </ClCompile>
    <ClCompile Include="code\debugger\kernel-level\kd.cpp">
      <Filter>code\debugger\kernel-level</Filter>
    </ClCompile>
    <ClCompile Include="code\debugger\kernel-level\kernel-listening.cpp">
      <Filter>code\debugger\kernel-level</Filter>
    </ClCompile>
    <ClCompile Include="code\debugger\user-level\user-listening.cpp">
      <Filter>code\debugger\user-level</Filter>
    </ClCompile>
    <ClCompile Include="code\debugger\commands\meta-commands\switch.cpp">
      <Filter>code\debugger\commands\meta-commands</Filter>
    </ClCompile>
    <ClCompile Include="code\debugger\misc\callstack.cpp">
      <Filter>code\debugger\misc</Filter>
    </ClCompile>
    <ClCompile Include="code\debugger\commands\debugging-commands\dt-struct.cpp">
      <Filter>code\debugger\commands\debugging-commands</Filter>
    </ClCompile>
    <ClCompile Include="code\objects\objects.cpp">
      <Filter>code\objects</Filter>
    </ClCompile>
    <ClCompile Include="code\common\spinlock.cpp">
      <Filter>code\common</Filter>
    </ClCompile>
    <ClCompile Include="..\script-eval\code\ScriptEngineEval.c">
      <Filter>code\script-eval</Filter>
    </ClCompile>
    <ClCompile Include="..\script-eval\code\PseudoRegisters.c">
      <Filter>code\script-eval</Filter>
    </ClCompile>
    <ClCompile Include="..\script-eval\code\Keywords.c">
      <Filter>code\script-eval</Filter>
    </ClCompile>
    <ClCompile Include="..\script-eval\code\Functions.c">
      <Filter>code\script-eval</Filter>
    </ClCompile>
    <ClCompile Include="..\script-eval\code\Regs.c">
      <Filter>code\script-eval</Filter>
    </ClCompile>
    <ClCompile Include="code\debugger\commands\extension-commands\crwrite.cpp">
      <Filter>code\debugger\commands\extension-commands</Filter>
    </ClCompile>
    <ClCompile Include="code\debugger\commands\extension-commands\rev.cpp">
      <Filter>code\debugger\commands\extension-commands</Filter>
    </ClCompile>
    <ClCompile Include="code\rev\rev-ctrl.cpp">
      <Filter>code\rev</Filter>
    </ClCompile>
    <ClCompile Include="code\debugger\commands\extension-commands\track.cpp">
      <Filter>code\debugger\commands\extension-commands</Filter>
    </ClCompile>
    <ClCompile Include="code\debugger\commands\meta-commands\pagein.cpp">
      <Filter>code\debugger\commands\meta-commands</Filter>
    </ClCompile>
    <ClCompile Include="code\debugger\commands\meta-commands\dump.cpp">
      <Filter>code\debugger\commands\meta-commands</Filter>
    </ClCompile>
    <ClCompile Include="code\debugger\commands\extension-commands\mode.cpp">
      <Filter>code\debugger\commands\extension-commands</Filter>
    </ClCompile>
    <ClCompile Include="code\debugger\commands\debugging-commands\preactivate.cpp">
      <Filter>code\debugger\commands\debugging-commands</Filter>
    </ClCompile>
    <ClCompile Include="code\debugger\commands\extension-commands\trace.cpp">
      <Filter>code\debugger\commands\extension-commands</Filter>
    </ClCompile>
    <ClCompile Include="code\debugger\commands\debugging-commands\gu.cpp">
      <Filter>code\debugger\commands\debugging-commands</Filter>
    </ClCompile>
    <ClCompile Include="code\debugger\script-engine\script-engine.cpp">
      <Filter>code\debugger\script-engine</Filter>
    </ClCompile>
    <ClCompile Include="code\debugger\script-engine\script-engine-wrapper.cpp">
      <Filter>code\debugger\script-engine</Filter>
    </ClCompile>
    <ClCompile Include="code\debugger\script-engine\symbol.cpp">
      <Filter>code\debugger\script-engine</Filter>
    </ClCompile>
    <ClCompile Include="code\debugger\commands\hwdbg-commands\hw_clk.cpp">
      <Filter>code\debugger\commands\hwdbg-commands</Filter>
    </ClCompile>
    <ClCompile Include="code\hwdbg\hwdbg-interpreter.cpp">
      <Filter>code\hwdbg</Filter>
    </ClCompile>
    <ClCompile Include="code\export\export.cpp">
      <Filter>code\export</Filter>
    </ClCompile>
    <ClCompile Include="code\debugger\commands\debugging-commands\core.cpp">
      <Filter>code\debugger\commands\debugging-commands</Filter>
    </ClCompile>
    <ClCompile Include="code\debugger\commands\debugging-commands\a.cpp">
      <Filter>code\debugger\commands\debugging-commands</Filter>
    </ClCompile>
    <ClCompile Include="code\debugger\misc\assembler.cpp">
      <Filter>code\debugger\misc</Filter>
    </ClCompile>
    <ClCompile Include="code\debugger\core\steppings.cpp">
      <Filter>code\debugger\core</Filter>
    </ClCompile>
    <ClCompile Include="code\hwdbg\hwdbg-scripts.cpp">
      <Filter>code\hwdbg</Filter>
    </ClCompile>
    <ClCompile Include="code\debugger\commands\hwdbg-commands\hw.cpp">
      <Filter>code\debugger\commands\hwdbg-commands</Filter>
    </ClCompile>
    <ClCompile Include="code\debugger\commands\extension-commands\pcitree.cpp">
      <Filter>code\debugger\commands\extension-commands</Filter>
    </ClCompile>
    <ClCompile Include="code\debugger\commands\extension-commands\apic.cpp">
      <Filter>code\debugger\commands\extension-commands</Filter>
    </ClCompile>
    <ClCompile Include="code\debugger\commands\extension-commands\ioapic.cpp">
      <Filter>code\debugger\commands\extension-commands</Filter>
    </ClCompile>
    <ClCompile Include="code\debugger\commands\debugging-commands\gg.cpp">
      <Filter>code\debugger\commands\debugging-commands</Filter>
    </ClCompile>
    <ClCompile Include="pci-id.cpp">
      <Filter>code\debugger\misc</Filter>
    </ClCompile>
    <ClCompile Include="pcicam.cpp">
      <Filter>code\debugger\commands\extension-commands</Filter>
    </ClCompile>
    <ClCompile Include="code\debugger\commands\extension-commands\idt.cpp">
      <Filter>code\debugger\commands\extension-commands</Filter>
    </ClCompile>
  </ItemGroup>
  <ItemGroup>
    <MASM Include="code\assembly\asm-vmx-checks.asm">
      <Filter>code\assembly</Filter>
    </MASM>
  </ItemGroup>
</Project>