<?xml version="1.0" encoding="utf-8"?>
<Project ToolsVersion="4.0" xmlns="http://schemas.microsoft.com/developer/msbuild/2003">
  <ItemGroup>
    <Filter Include="Driver Files">
      <UniqueIdentifier>{8E41214B-6785-4CFE-B992-037D68949A14}</UniqueIdentifier>
      <Extensions>inf;inv;inx;mof;mc;</Extensions>
    </Filter>
    <Filter Include="code">
      <UniqueIdentifier>{4FC737F1-C7A5-4376-A066-2A32D752A2FF}</UniqueIdentifier>
      <Extensions>cpp;c;cc;cxx;def;odl;idl;hpj;bat;asm;asmx</Extensions>
    </Filter>
    <Filter Include="header">
      <UniqueIdentifier>{93995380-89BD-4b04-88EB-625FBE52EBFB}</UniqueIdentifier>
      <Extensions>h;hpp;hxx;hm;inl;inc;xsd</Extensions>
    </Filter>
    <Filter Include="header\platform">
      <UniqueIdentifier>{1ab177b4-9e6c-460e-834a-8fced04b42a3}</UniqueIdentifier>
    </Filter>
    <Filter Include="code\platform">
      <UniqueIdentifier>{21f0281e-fc2a-4e13-97ac-e4b35a05a31e}</UniqueIdentifier>
    </Filter>
    <Filter Include="code\components">
      <UniqueIdentifier>{890885f8-de8f-41df-9202-3ec320d7d816}</UniqueIdentifier>
    </Filter>
    <Filter Include="code\components\spinlock">
      <UniqueIdentifier>{a66d71db-112c-4826-8181-ba265d339149}</UniqueIdentifier>
    </Filter>
    <Filter Include="code\components\optimizations">
      <UniqueIdentifier>{da60b9fe-3816-4f3c-a6a9-21accd463156}</UniqueIdentifier>
    </Filter>
    <Filter Include="code\components\callback">
      <UniqueIdentifier>{0e801893-09df-4299-a572-6e63049d4f9f}</UniqueIdentifier>
    </Filter>
    <Filter Include="header\components">
      <UniqueIdentifier>{78b7809e-ea12-450d-af96-8e658087628d}</UniqueIdentifier>
    </Filter>
    <Filter Include="header\components\callback">
      <UniqueIdentifier>{28025c67-f68b-437b-bcda-d23c9a752d42}</UniqueIdentifier>
    </Filter>
  </ItemGroup>
  <ItemGroup>
    <ClCompile Include="code\Transparency.c">
      <Filter>code</Filter>
    </ClCompile>
    <ClCompile Include="code\UnloadDll.c">
      <Filter>code</Filter>
    </ClCompile>
    <ClCompile Include="..\include\platform\kernel\code\PlatformMem.c">
      <Filter>code\platform</Filter>
    </ClCompile>
    <ClCompile Include="..\include\components\spinlock\code\Spinlock.c">
      <Filter>code\components\spinlock</Filter>
    </ClCompile>
    <ClCompile Include="..\include\components\optimizations\code\AvlTree.c">
      <Filter>code\components\optimizations</Filter>
    </ClCompile>
    <ClCompile Include="..\include\components\optimizations\code\BinarySearch.c">
      <Filter>code\components\optimizations</Filter>
    </ClCompile>
    <ClCompile Include="..\include\components\optimizations\code\InsertionSort.c">
      <Filter>code\components\optimizations</Filter>
    </ClCompile>
    <ClCompile Include="..\include\components\optimizations\code\OptimizationsExamples.c">
      <Filter>code\components\optimizations</Filter>
    </ClCompile>
    <ClCompile Include="code\SyscallFootprints.c">
      <Filter>code</Filter>
    </ClCompile>
    <ClCompile Include="code\VmxFootprints.c">
      <Filter>code</Filter>
    </ClCompile>
    <ClCompile Include="..\include\platform\kernel\code\PlatformIntrinsics.c">
      <Filter>code\platform</Filter>
    </ClCompile>
    <ClCompile Include="..\include\components\callback\code\HyperLogCallback.c">
      <Filter>code\components\callback</Filter>
    </ClCompile>
  </ItemGroup>
  <ItemGroup>
    <ClInclude Include="header\Transparency.h">
      <Filter>header</Filter>
    </ClInclude>
    <ClInclude Include="header\pch.h">
      <Filter>header</Filter>
    </ClInclude>
    <ClInclude Include="..\include\platform\kernel\header\PlatformMem.h">
      <Filter>header\platform</Filter>
    </ClInclude>
    <ClInclude Include="header\SyscallFootprints.h">
      <Filter>header</Filter>
    </ClInclude>
    <ClInclude Include="header\VmxFootprints.h">
      <Filter>header</Filter>
    </ClInclude>
    <ClInclude Include="..\include\platform\kernel\header\PlatformIntrinsics.h">
      <Filter>header\platform</Filter>
    </ClInclude>
    <ClInclude Include="..\include\components\callback\header\HyperLogCallback.h">
      <Filter>header\components\callback</Filter>
    </ClInclude>
  </ItemGroup>
</Project>