<?xml version="1.0" encoding="utf-8"?>
<Project ToolsVersion="4.0" xmlns="http://schemas.microsoft.com/developer/msbuild/2003">
  <ItemGroup>
    <Filter Include="header">
      <UniqueIdentifier>{93995380-89BD-4b04-88EB-625FBE52EBFB}</UniqueIdentifier>
      <Extensions>h;hh;hpp;hxx;h++;hm;inl;inc;ipp;xsd</Extensions>
    </Filter>
    <Filter Include="code">
      <UniqueIdentifier>{4FC737F1-C7A5-4376-A066-2A32D752A2FF}</UniqueIdentifier>
      <Extensions>cpp;c;cc;cxx;c++;def;odl;idl;hpj;bat;asm;asmx</Extensions>
    </Filter>
    <Filter Include="header\platform">
      <UniqueIdentifier>{53ae7bcb-e612-4a1a-89db-de1e77f2d730}</UniqueIdentifier>
    </Filter>
  </ItemGroup>
  <ItemGroup>
    <ClInclude Include="header\common.h">
      <Filter>header</Filter>
    </ClInclude>
    <ClInclude Include="header\globals.h">
      <Filter>header</Filter>
    </ClInclude>
    <ClInclude Include="header\parse-table.h">
      <Filter>header</Filter>
    </ClInclude>
    <ClInclude Include="header\scanner.h">
      <Filter>header</Filter>
    </ClInclude>
    <ClInclude Include="header\script-engine.h">
      <Filter>header</Filter>
    </ClInclude>
    <ClInclude Include="header\type.h">
      <Filter>header</Filter>
    </ClInclude>
    <ClInclude Include="..\include\platform\user\header\Environment.h">
      <Filter>header\platform</Filter>
    </ClInclude>
    <ClInclude Include="header\hardware.h">
      <Filter>header</Filter>
    </ClInclude>
    <ClInclude Include="header\pch.h">
      <Filter>header</Filter>
    </ClInclude>
  </ItemGroup>
  <ItemGroup>
    <ClCompile Include="code\common.c">
      <Filter>code</Filter>
    </ClCompile>
    <ClCompile Include="code\globals.c">
      <Filter>code</Filter>
    </ClCompile>
    <ClCompile Include="code\parse-table.c">
      <Filter>code</Filter>
    </ClCompile>
    <ClCompile Include="code\scanner.c">
      <Filter>code</Filter>
    </ClCompile>
    <ClCompile Include="code\script-engine.c">
      <Filter>code</Filter>
    </ClCompile>
    <ClCompile Include="code\type.c">
      <Filter>code</Filter>
    </ClCompile>
    <ClCompile Include="code\hardware.c">
      <Filter>code</Filter>
    </ClCompile>
    <ClCompile Include="code\pch.c">
      <Filter>code</Filter>
    </ClCompile>
  </ItemGroup>
</Project>