<?xml version="1.0" encoding="utf-8"?>
<Project ToolsVersion="4.0" xmlns="http://schemas.microsoft.com/developer/msbuild/2003">
  <ItemGroup>
    <Filter Include="header">
      <UniqueIdentifier>{93995380-89BD-4b04-88EB-625FBE52EBFB}</UniqueIdentifier>
      <Extensions>h;hh;hpp;hxx;h++;hm;inl;inc;ipp;xsd</Extensions>
    </Filter>
    <Filter Include="code">
      <UniqueIdentifier>{4FC737F1-C7A5-4376-A066-2A32D752A2FF}</UniqueIdentifier>
      <Extensions>cpp;c;cc;cxx;c++;def;odl;idl;hpj;bat;asm;asmx</Extensions>
    </Filter>
    <Filter Include="code\assembly">
      <UniqueIdentifier>{52b6834d-060a-49d8-a91a-548633cbe5ff}</UniqueIdentifier>
    </Filter>
    <Filter Include="code\tests">
      <UniqueIdentifier>{0dd2fc9a-1efe-43ae-963c-f3e04a9d5f33}</UniqueIdentifier>
    </Filter>
    <Filter Include="header\platform">
      <UniqueIdentifier>{3b15cfee-d573-4538-aa01-0bac669f0360}</UniqueIdentifier>
    </Filter>
    <Filter Include="code\hardware">
      <UniqueIdentifier>{18515e99-bdbe-465f-9c92-58dc89591116}</UniqueIdentifier>
    </Filter>
    <Filter Include="code\components">
      <UniqueIdentifier>{4905a2c5-31b5-4b16-9f84-d2b3b39726d3}</UniqueIdentifier>
    </Filter>
    <Filter Include="code\components\pe">
      <UniqueIdentifier>{2835e8e0-5525-473b-ae43-c498674fb42e}</UniqueIdentifier>
    </Filter>
    <Filter Include="header\components">
      <UniqueIdentifier>{b36455ac-6726-4c17-903c-3c3e3de1b783}</UniqueIdentifier>
    </Filter>
    <Filter Include="header\components\pe">
      <UniqueIdentifier>{b3920039-7e86-412e-bf10-8a5a7946e102}</UniqueIdentifier>
    </Filter>
  </ItemGroup>
  <ItemGroup>
    <ClCompile Include="code\tests\test-parser.cpp">
      <Filter>code\tests</Filter>
    </ClCompile>
    <ClCompile Include="code\tests\test-pe-parser.cpp">
      <Filter>code\tests</Filter>
    </ClCompile>
    <ClCompile Include="code\tests\test-codeview-rsds-parser.cpp">
      <Filter>code\tests</Filter>
    </ClCompile>
    <ClCompile Include="code\namedpipe.cpp">
      <Filter>code</Filter>
    </ClCompile>
    <ClCompile Include="code\tools.cpp">
      <Filter>code</Filter>
    </ClCompile>
    <ClCompile Include="code\main.cpp">
      <Filter>code</Filter>
    </ClCompile>
    <ClCompile Include="code\tests\test-semantic-scripts.cpp">
      <Filter>code\tests</Filter>
    </ClCompile>
    <ClCompile Include="code\tests\test-script-floating-point.cpp">
      <Filter>code\tests</Filter>
    </ClCompile>
    <ClCompile Include="code\hardware\hwdbg-tests.cpp">
      <Filter>code\hardware</Filter>
    </ClCompile>
    <ClCompile Include="..\symbol-parser\code\codeview-rsds.cpp">
      <Filter>code\tests</Filter>
    </ClCompile>
    <ClCompile Include="..\symbol-parser\code\pdb-identity.cpp">
      <Filter>code\tests</Filter>
    </ClCompile>
    <ClCompile Include="pch.cpp">
      <Filter>code</Filter>
    </ClCompile>
    <ClCompile Include="..\include\components\pe\code\pe-image-reader.cpp">
      <Filter>code\components\pe</Filter>
    </ClCompile>
  </ItemGroup>
  <ItemGroup>
    <ClInclude Include="header\namedpipe.h">
      <Filter>header</Filter>
    </ClInclude>
    <ClInclude Include="header\routines.h">
      <Filter>header</Filter>
    </ClInclude>
    <ClInclude Include="header\testcases.h">
      <Filter>header</Filter>
    </ClInclude>
    <ClInclude Include="header\hwdbg-tests.h">
      <Filter>header</Filter>
    </ClInclude>
    <ClInclude Include="pch.h">
      <Filter>header</Filter>
    </ClInclude>
    <ClInclude Include="..\include\components\pe\header\pe-image-reader.h">
      <Filter>header\components\pe</Filter>
    </ClInclude>
    <ClInclude Include="..\symbol-parser\header\codeview-rsds.h">
      <Filter>header</Filter>
    </ClInclude>
    <ClInclude Include="..\symbol-parser\header\pdb-identity.h">
      <Filter>header</Filter>
    </ClInclude>
  </ItemGroup>
  <ItemGroup>
    <MASM Include="code\assembly\asm-test.asm">
      <Filter>code\assembly</Filter>
    </MASM>
  </ItemGroup>
</Project>
