<?xml version="1.0" encoding="utf-8"?>
<Project ToolsVersion="4.0" xmlns="http://schemas.microsoft.com/developer/msbuild/2003">
  <ItemGroup>
    <Filter Include="header">
      <UniqueIdentifier>{93995380-89BD-4b04-88EB-625FBE52EBFB}</UniqueIdentifier>
      <Extensions>h;hh;hpp;hxx;h++;hm;inl;inc;ipp;xsd</Extensions>
    </Filter>
    <Filter Include="code">
      <UniqueIdentifier>{4FC737F1-C7A5-4376-A066-2A32D752A2FF}</UniqueIdentifier>
      <Extensions>cpp;c;cc;cxx;c++;def;odl;idl;hpj;bat;asm;asmx</Extensions>
    </Filter>
    <Filter Include="code\assembly">
      <UniqueIdentifier>{52b6834d-060a-49d8-a91a-548633cbe5ff}</UniqueIdentifier>
    </Filter>
    <Filter Include="code\tests">
      <UniqueIdentifier>{0dd2fc9a-1efe-43ae-963c-f3e04a9d5f33}</UniqueIdentifier>
    </Filter>
    <Filter Include="header\platform">
      <UniqueIdentifier>{3b15cfee-d573-4538-aa01-0bac669f0360}</UniqueIdentifier>
    </Filter>
    <Filter Include="code\hardware">
      <UniqueIdentifier>{18515e99-bdbe-465f-9c92-58dc89591116}</UniqueIdentifier>
    </Filter>
  </ItemGroup>
  <ItemGroup>
    <ClCompile Include="pch.cpp">
      <Filter>code</Filter>
    </ClCompile>
    <ClCompile Include="code\tests\test-parser.cpp">
      <Filter>code\tests</Filter>
    </ClCompile>
    <ClCompile Include="code\namedpipe.cpp">
      <Filter>code</Filter>
    </ClCompile>
    <ClCompile Include="code\tools.cpp">
      <Filter>code</Filter>
    </ClCompile>
    <ClCompile Include="code\main.cpp">
      <Filter>code</Filter>
    </ClCompile>
    <ClCompile Include="code\tests\test-semantic-scripts.cpp">
      <Filter>code\tests</Filter>
    </ClCompile>
    <ClCompile Include="code\hardware\hwdbg-tests.cpp">
      <Filter>code\hardware</Filter>
    </ClCompile>
  </ItemGroup>
  <ItemGroup>
    <ClInclude Include="pch.h">
      <Filter>header</Filter>
    </ClInclude>
    <ClInclude Include="header\namedpipe.h">
      <Filter>header</Filter>
    </ClInclude>
    <ClInclude Include="header\routines.h">
      <Filter>header</Filter>
    </ClInclude>
    <ClInclude Include="..\include\platform\user\header\Environment.h">
      <Filter>header\platform</Filter>
    </ClInclude>
    <ClInclude Include="header\testcases.h">
      <Filter>header</Filter>
    </ClInclude>
    <ClInclude Include="header\hwdbg-tests.h">
      <Filter>header</Filter>
    </ClInclude>
  </ItemGroup>
  <ItemGroup>
    <MASM Include="code\assembly\asm-test.asm">
      <Filter>code\assembly</Filter>
    </MASM>
  </ItemGroup>
</Project>