<?xml version="1.0" encoding="utf-8"?>
<Project ToolsVersion="4.0" xmlns="http://schemas.microsoft.com/developer/msbuild/2003">
  <ItemGroup>
    <Filter Include="code">
      <UniqueIdentifier>{4FC737F1-C7A5-4376-A066-2A32D752A2FF}</UniqueIdentifier>
      <Extensions>cpp;c;cc;cxx;def;odl;idl;hpj;bat;asm;asmx</Extensions>
    </Filter>
    <Filter Include="header">
      <UniqueIdentifier>{93995380-89BD-4b04-88EB-625FBE52EBFB}</UniqueIdentifier>
      <Extensions>h;hpp;hxx;hm;inl;inc;xsd</Extensions>
    </Filter>
    <Filter Include="header\platform">
      <UniqueIdentifier>{1ab177b4-9e6c-460e-834a-8fced04b42a3}</UniqueIdentifier>
    </Filter>
    <Filter Include="code\platform">
      <UniqueIdentifier>{21f0281e-fc2a-4e13-97ac-e4b35a05a31e}</UniqueIdentifier>
    </Filter>
    <Filter Include="code\interface">
      <UniqueIdentifier>{a78ce9ac-3c19-4f57-889a-3c5ec3234cb4}</UniqueIdentifier>
    </Filter>
    <Filter Include="header\interface">
      <UniqueIdentifier>{50dcf65c-eea2-4bf3-b57e-d6689999b39d}</UniqueIdentifier>
    </Filter>
    <Filter Include="code\api">
      <UniqueIdentifier>{09d5457a-bade-4a3f-a171-641110492d57}</UniqueIdentifier>
    </Filter>
    <Filter Include="code\broadcast">
      <UniqueIdentifier>{b8b32a09-61fb-433a-ad79-eb7cfc5f3437}</UniqueIdentifier>
    </Filter>
    <Filter Include="code\common">
      <UniqueIdentifier>{32ea8333-847b-443d-8992-4140d54dc1d3}</UniqueIdentifier>
    </Filter>
    <Filter Include="code\lbr">
      <UniqueIdentifier>{2271439b-db98-4351-9457-77225ccee301}</UniqueIdentifier>
    </Filter>
    <Filter Include="code\pt">
      <UniqueIdentifier>{d2eb3e6f-49d6-49c6-a255-a0158414ff54}</UniqueIdentifier>
    </Filter>
    <Filter Include="header\api">
      <UniqueIdentifier>{df6eb164-34b2-4f2a-9530-b88443662fb7}</UniqueIdentifier>
    </Filter>
    <Filter Include="header\broadcast">
      <UniqueIdentifier>{cb4e742a-6e43-4798-af4a-72bcb11089c9}</UniqueIdentifier>
    </Filter>
    <Filter Include="header\common">
      <UniqueIdentifier>{ab21116d-5f5b-4ef8-82bb-6585ac3dec95}</UniqueIdentifier>
    </Filter>
    <Filter Include="header\globals">
      <UniqueIdentifier>{57d56081-eede-41a3-b9f0-e7019d32c986}</UniqueIdentifier>
    </Filter>
    <Filter Include="header\lbr">
      <UniqueIdentifier>{a59b8bf9-45ee-49c9-bbac-9b065f41f1a2}</UniqueIdentifier>
    </Filter>
    <Filter Include="header\pt">
      <UniqueIdentifier>{7d49a3f4-a2eb-48b1-8f41-220b9ccf30dc}</UniqueIdentifier>
    </Filter>
  </ItemGroup>
  <ItemGroup>
    <ClCompile Include="..\include\platform\kernel\code\PlatformMem.c">
      <Filter>code\platform</Filter>
    </ClCompile>
    <ClCompile Include="..\include\components\interface\HyperLogCallback.c">
      <Filter>code\interface</Filter>
    </ClCompile>
    <ClCompile Include="code\api\LbrApi.c">
      <Filter>code\api</Filter>
    </ClCompile>
    <ClCompile Include="code\api\PtApi.c">
      <Filter>code\api</Filter>
    </ClCompile>
    <ClCompile Include="code\broadcast\Broadcast.c">
      <Filter>code\broadcast</Filter>
    </ClCompile>
    <ClCompile Include="code\broadcast\DpcRoutines.c">
      <Filter>code\broadcast</Filter>
    </ClCompile>
    <ClCompile Include="code\common\UnloadDll.c">
      <Filter>code\common</Filter>
    </ClCompile>
    <ClCompile Include="code\lbr\Lbr.c">
      <Filter>code\lbr</Filter>
    </ClCompile>
    <ClCompile Include="code\pt\Pt.c">
      <Filter>code\pt</Filter>
    </ClCompile>
  </ItemGroup>
  <ItemGroup>
    <ClInclude Include="header\pch.h">
      <Filter>header</Filter>
    </ClInclude>
    <ClInclude Include="..\include\platform\kernel\header\Environment.h">
      <Filter>header\platform</Filter>
    </ClInclude>
    <ClInclude Include="..\include\platform\kernel\header\PlatformMem.h">
      <Filter>header\platform</Filter>
    </ClInclude>
    <ClInclude Include="..\include\components\interface\HyperLogCallback.h">
      <Filter>header\interface</Filter>
    </ClInclude>
    <ClInclude Include="header\api\LbrApi.h">
      <Filter>header\api</Filter>
    </ClInclude>
    <ClInclude Include="header\broadcast\Broadcast.h">
      <Filter>header\broadcast</Filter>
    </ClInclude>
    <ClInclude Include="header\broadcast\Dpc.h">
      <Filter>header\broadcast</Filter>
    </ClInclude>
    <ClInclude Include="header\broadcast\DpcRoutines.h">
      <Filter>header\broadcast</Filter>
    </ClInclude>
    <ClInclude Include="header\common\UnloadDll.h">
      <Filter>header\common</Filter>
    </ClInclude>
    <ClInclude Include="header\globals\GlobalVariables.h">
      <Filter>header\globals</Filter>
    </ClInclude>
    <ClInclude Include="header\lbr\Lbr.h">
      <Filter>header\lbr</Filter>
    </ClInclude>
    <ClInclude Include="header\pt\Pt.h">
      <Filter>header\pt</Filter>
    </ClInclude>
    <ClInclude Include="header\api\PtApi.h">
      <Filter>header\api</Filter>
    </ClInclude>
  </ItemGroup>
</Project>