<?xml version="1.0" encoding="utf-8"?>
<Project ToolsVersion="4.0" xmlns="http://schemas.microsoft.com/developer/msbuild/2003">
  <ItemGroup>
    <Filter Include="Source Files">
      <UniqueIdentifier>{4FC737F1-C7A5-4376-A066-2A32D752A2FF}</UniqueIdentifier>
      <Extensions>cpp;c;cc;cxx;def;odl;idl;hpj;bat;asm;asmx</Extensions>
    </Filter>
    <Filter Include="Header Files">
      <UniqueIdentifier>{93995380-89BD-4b04-88EB-625FBE52EBFB}</UniqueIdentifier>
      <Extensions>h;hpp;hxx;hm;inl;inc;xsd</Extensions>
    </Filter>
    <Filter Include="Driver Files">
      <UniqueIdentifier>{8E41214B-6785-4CFE-B992-037D68949A14}</UniqueIdentifier>
      <Extensions>inf;inv;inx;mof;mc;</Extensions>
    </Filter>
    <Filter Include="Source Files\Common">
      <UniqueIdentifier>{fe16b9fa-aee2-467d-9f51-643057d24250}</UniqueIdentifier>
    </Filter>
    <Filter Include="Source Files\Assembly">
      <UniqueIdentifier>{6d6e64b5-3942-4270-9f6d-cf370eedaab1}</UniqueIdentifier>
    </Filter>
    <Filter Include="Source Files\Debugger">
      <UniqueIdentifier>{8467f2ec-c840-4b3b-acb5-edafd20e4199}</UniqueIdentifier>
    </Filter>
    <Filter Include="Source Files\Debugger\Features">
      <UniqueIdentifier>{f4159ee5-31b8-4c22-bd3f-151cbe0d9370}</UniqueIdentifier>
    </Filter>
    <Filter Include="Source Files\Debugger\Features\Hooks">
      <UniqueIdentifier>{ab882ac8-7096-4cb3-8903-320cee753abe}</UniqueIdentifier>
    </Filter>
    <Filter Include="Source Files\Debugger\Features\Hooks\SyscallHook">
      <UniqueIdentifier>{8e38c4c7-4c0a-4b0d-94ec-1068c8ebbefc}</UniqueIdentifier>
    </Filter>
    <Filter Include="Source Files\Debugger\Commands">
      <UniqueIdentifier>{78fdea85-555a-4671-bdf6-4c166e673020}</UniqueIdentifier>
    </Filter>
    <Filter Include="Header Files\Common">
      <UniqueIdentifier>{552ad1ee-f507-4577-96c0-a421e5060907}</UniqueIdentifier>
    </Filter>
    <Filter Include="Header Files\Misc">
      <UniqueIdentifier>{971a3134-4600-4752-8452-e296edd21a13}</UniqueIdentifier>
    </Filter>
    <Filter Include="Header Files\Debugger">
      <UniqueIdentifier>{b6e16086-58f5-4809-9406-acafa11e0713}</UniqueIdentifier>
    </Filter>
    <Filter Include="Header Files\Debugger\Commands">
      <UniqueIdentifier>{13b5cca3-35cf-4754-98e4-238145db4e63}</UniqueIdentifier>
    </Filter>
    <Filter Include="Header Files\Debugger\Features">
      <UniqueIdentifier>{0afd2927-b208-402f-8f1d-19281e4960c8}</UniqueIdentifier>
    </Filter>
    <Filter Include="Source Files\Debugger\Essentials">
      <UniqueIdentifier>{9063df25-3313-4e7e-b111-9e08a388d143}</UniqueIdentifier>
    </Filter>
    <Filter Include="Header Files\Debugger\Essentials">
      <UniqueIdentifier>{7d4abf38-f80e-4376-a3c7-6ba8d60ae929}</UniqueIdentifier>
    </Filter>
    <Filter Include="Source Files\VMM">
      <UniqueIdentifier>{801e6efc-7fb0-4ed3-9aea-dbb1f63d3ddf}</UniqueIdentifier>
    </Filter>
    <Filter Include="Source Files\VMM\VMX">
      <UniqueIdentifier>{aabeca50-1c14-442c-8268-ece54ed257d5}</UniqueIdentifier>
    </Filter>
    <Filter Include="Header Files\VMM">
      <UniqueIdentifier>{7bb3397e-cb3d-4625-8ee3-742475b27948}</UniqueIdentifier>
    </Filter>
    <Filter Include="Header Files\VMM\EPT">
      <UniqueIdentifier>{0e525115-4ff2-45b4-ba02-f8fd40582ad3}</UniqueIdentifier>
    </Filter>
    <Filter Include="Header Files\VMM\VMX">
      <UniqueIdentifier>{cbf160f2-ca9f-45ec-a27f-ba0891204aca}</UniqueIdentifier>
    </Filter>
    <Filter Include="Source Files\Debugger\Transparency">
      <UniqueIdentifier>{e5f1d356-ca71-4580-89c2-0d8eb85e38f6}</UniqueIdentifier>
    </Filter>
    <Filter Include="Header Files\Debugger\Transparency">
      <UniqueIdentifier>{70514b9d-1def-4c8b-b0b4-92c320d4195a}</UniqueIdentifier>
    </Filter>
    <Filter Include="Source Files\Debugger\ScriptEngine">
      <UniqueIdentifier>{b72275a2-495f-4316-9186-8a5585288203}</UniqueIdentifier>
    </Filter>
    <Filter Include="Source Files\Debugger\Communication">
      <UniqueIdentifier>{8e94f3da-6ff9-47f8-a84b-44c7171c02d6}</UniqueIdentifier>
    </Filter>
    <Filter Include="Header Files\Debugger\Communication">
      <UniqueIdentifier>{30aa1959-c1d1-4488-a30c-bb6db071344c}</UniqueIdentifier>
    </Filter>
    <Filter Include="Header Files\Devices">
      <UniqueIdentifier>{3c7b33d6-6147-4c8a-a742-aeff2b63b575}</UniqueIdentifier>
    </Filter>
    <Filter Include="Source Files\Devices">
      <UniqueIdentifier>{92ce4a54-97e0-4ab4-881f-6703049c03d6}</UniqueIdentifier>
    </Filter>
    <Filter Include="Source Files\VMM\EPT">
      <UniqueIdentifier>{ec45d147-144f-487e-ae36-966cbc095b2f}</UniqueIdentifier>
    </Filter>
  </ItemGroup>
  <ItemGroup>
    <Inf Include="hprdbghv.inf">
      <Filter>Driver Files</Filter>
    </Inf>
  </ItemGroup>
  <ItemGroup>
    <ClCompile Include="Driver.c">
      <Filter>Source Files</Filter>
    </ClCompile>
    <ClCompile Include="Vmcall.c">
      <Filter>Source Files\VMM\VMX</Filter>
    </ClCompile>
    <ClCompile Include="Common.c">
      <Filter>Source Files\Common</Filter>
    </ClCompile>
    <ClCompile Include="HypervisorRoutines.c">
      <Filter>Source Files\VMM\VMX</Filter>
    </ClCompile>
    <ClCompile Include="Invept.c">
      <Filter>Source Files\VMM\EPT</Filter>
    </ClCompile>
    <ClCompile Include="Ept.c">
      <Filter>Source Files\VMM\EPT</Filter>
    </ClCompile>
    <ClCompile Include="VmxRegions.c">
      <Filter>Source Files\VMM\VMX</Filter>
    </ClCompile>
    <ClCompile Include="Vmx.c">
      <Filter>Source Files\VMM\VMX</Filter>
    </ClCompile>
    <ClCompile Include="Vpid.c">
      <Filter>Source Files\VMM\EPT</Filter>
    </ClCompile>
    <ClCompile Include="Logging.c">
      <Filter>Source Files\Common</Filter>
    </ClCompile>
    <ClCompile Include="Spinlock.c">
      <Filter>Source Files\Common</Filter>
    </ClCompile>
    <ClCompile Include="PoolManager.c">
      <Filter>Source Files\Common</Filter>
    </ClCompile>
    <ClCompile Include="Events.c">
      <Filter>Source Files\VMM\VMX</Filter>
    </ClCompile>
    <ClCompile Include="SsdtHook.c">
      <Filter>Source Files\Debugger\Features\Hooks\SyscallHook</Filter>
    </ClCompile>
    <ClCompile Include="ExtensionCommands.c">
      <Filter>Source Files\Debugger\Commands</Filter>
    </ClCompile>
    <ClCompile Include="DebuggerCommands.c">
      <Filter>Source Files\Debugger\Commands</Filter>
    </ClCompile>
    <ClCompile Include="Broadcast.c">
      <Filter>Source Files\Debugger\Essentials</Filter>
    </ClCompile>
    <ClCompile Include="Debugger.c">
      <Filter>Source Files\Debugger\Essentials</Filter>
    </ClCompile>
    <ClCompile Include="DpcRoutines.c">
      <Filter>Source Files\Debugger\Essentials</Filter>
    </ClCompile>
    <ClCompile Include="MemoryManager.c">
      <Filter>Source Files\Debugger\Essentials</Filter>
    </ClCompile>
    <ClCompile Include="MemoryMapper.c">
      <Filter>Source Files\Common</Filter>
    </ClCompile>
    <ClCompile Include="DebuggerEvents.c">
      <Filter>Source Files\Debugger\Essentials</Filter>
    </ClCompile>
    <ClCompile Include="Ioctl.c">
      <Filter>Source Files</Filter>
    </ClCompile>
    <ClCompile Include="IoHandler.c">
      <Filter>Source Files\VMM\VMX</Filter>
    </ClCompile>
    <ClCompile Include="IdtEmulation.c">
      <Filter>Source Files\VMM\VMX</Filter>
    </ClCompile>
    <ClCompile Include="EferHook.c">
      <Filter>Source Files\Debugger\Features\Hooks\SyscallHook</Filter>
    </ClCompile>
    <ClCompile Include="Counters.c">
      <Filter>Source Files\VMM\VMX</Filter>
    </ClCompile>
    <ClCompile Include="CrossVmexits.c">
      <Filter>Source Files\VMM\VMX</Filter>
    </ClCompile>
    <ClCompile Include="Vmexit.c">
      <Filter>Source Files\VMM\VMX</Filter>
    </ClCompile>
    <ClCompile Include="Transparency.c">
      <Filter>Source Files\Debugger\Transparency</Filter>
    </ClCompile>
    <ClCompile Include="EptHook.c">
      <Filter>Source Files\Debugger\Features\Hooks</Filter>
    </ClCompile>
    <ClCompile Include="Termination.c">
      <Filter>Source Files\Debugger\Essentials</Filter>
    </ClCompile>
    <ClCompile Include="Steppings.c">
      <Filter>Source Files\Debugger\Essentials</Filter>
    </ClCompile>
    <ClCompile Include="ScriptEngine.c">
      <Filter>Source Files\Debugger\ScriptEngine</Filter>
    </ClCompile>
    <ClCompile Include="SerialConnection.c">
      <Filter>Source Files\Debugger\Communication</Filter>
    </ClCompile>
    <ClCompile Include="Kd.c">
      <Filter>Source Files\Debugger\Essentials</Filter>
    </ClCompile>
    <ClCompile Include="Apic.c">
      <Filter>Source Files\Devices</Filter>
    </ClCompile>
    <ClCompile Include="Mtf.c">
      <Filter>Source Files\VMM\VMX</Filter>
    </ClCompile>
    <ClCompile Include="GdbStub.c">
      <Filter>Source Files\Debugger\Communication</Filter>
    </ClCompile>
    <ClCompile Include="ManageRegs.c">
      <Filter>Source Files\VMM\VMX</Filter>
    </ClCompile>
    <ClCompile Include="BreakpointCommands.c">
      <Filter>Source Files\Debugger\Commands</Filter>
    </ClCompile>
  </ItemGroup>
  <ItemGroup>
    <ClInclude Include="DebuggerCommands.h">
      <Filter>Header Files\Debugger\Commands</Filter>
    </ClInclude>
    <ClInclude Include="ExtensionCommands.h">
      <Filter>Header Files\Debugger\Commands</Filter>
    </ClInclude>
    <ClInclude Include="Common.h">
      <Filter>Header Files\Common</Filter>
    </ClInclude>
    <ClInclude Include="Dpc.h">
      <Filter>Header Files\Common</Filter>
    </ClInclude>
    <ClInclude Include="Logging.h">
      <Filter>Header Files\Common</Filter>
    </ClInclude>
    <ClInclude Include="PoolManager.h">
      <Filter>Header Files\Common</Filter>
    </ClInclude>
    <ClInclude Include="Msr.h">
      <Filter>Header Files\Common</Filter>
    </ClInclude>
    <ClInclude Include="Trace.h">
      <Filter>Header Files\Common</Filter>
    </ClInclude>
    <ClInclude Include="Ept.h">
      <Filter>Header Files\VMM\EPT</Filter>
    </ClInclude>
    <ClInclude Include="Invept.h">
      <Filter>Header Files\VMM\EPT</Filter>
    </ClInclude>
    <ClInclude Include="Vpid.h">
      <Filter>Header Files\VMM\EPT</Filter>
    </ClInclude>
    <ClInclude Include="Events.h">
      <Filter>Header Files\VMM\VMX</Filter>
    </ClInclude>
    <ClInclude Include="Vmx.h">
      <Filter>Header Files\VMM\VMX</Filter>
    </ClInclude>
    <ClInclude Include="Vmcall.h">
      <Filter>Header Files\VMM\VMX</Filter>
    </ClInclude>
    <ClInclude Include="HypervisorRoutines.h">
      <Filter>Header Files\VMM\VMX</Filter>
    </ClInclude>
    <ClInclude Include="Hooks.h">
      <Filter>Header Files\Debugger\Features</Filter>
    </ClInclude>
    <ClInclude Include="GlobalVariables.h">
      <Filter>Header Files\Misc</Filter>
    </ClInclude>
    <ClInclude Include="InlineAsm.h">
      <Filter>Header Files\Misc</Filter>
    </ClInclude>
    <ClInclude Include="LengthDisassemblerEngine.h">
      <Filter>Header Files\Common</Filter>
    </ClInclude>
    <ClInclude Include="Broadcast.h">
      <Filter>Header Files\Debugger\Essentials</Filter>
    </ClInclude>
    <ClInclude Include="Debugger.h">
      <Filter>Header Files\Debugger\Essentials</Filter>
    </ClInclude>
    <ClInclude Include="DpcRoutines.h">
      <Filter>Header Files\Debugger\Essentials</Filter>
    </ClInclude>
    <ClInclude Include="MemoryMapper.h">
      <Filter>Header Files\Common</Filter>
    </ClInclude>
    <ClInclude Include="DebuggerEvents.h">
      <Filter>Header Files\Debugger\Essentials</Filter>
    </ClInclude>
    <ClInclude Include="IoHandler.h">
      <Filter>Header Files\VMM\VMX</Filter>
    </ClInclude>
    <ClInclude Include="IdtEmulation.h">
      <Filter>Header Files\VMM\VMX</Filter>
    </ClInclude>
    <ClInclude Include="Counters.h">
      <Filter>Header Files\VMM\VMX</Filter>
    </ClInclude>
    <ClInclude Include="pch.h">
      <Filter>Header Files</Filter>
    </ClInclude>
    <ClInclude Include="Transparency.h">
      <Filter>Header Files\Debugger\Transparency</Filter>
    </ClInclude>
    <ClInclude Include="Termination.h">
      <Filter>Header Files\Debugger\Essentials</Filter>
    </ClInclude>
    <ClInclude Include="Steppings.h">
      <Filter>Header Files\Debugger\Essentials</Filter>
    </ClInclude>
    <ClInclude Include="SerialConnection.h">
      <Filter>Header Files\Debugger\Communication</Filter>
    </ClInclude>
    <ClInclude Include="Kd.h">
      <Filter>Header Files\Debugger\Essentials</Filter>
    </ClInclude>
    <ClInclude Include="Apic.h">
      <Filter>Header Files\Devices</Filter>
    </ClInclude>
    <ClInclude Include="GdbStub.h">
      <Filter>Header Files\Debugger\Communication</Filter>
    </ClInclude>
    <ClInclude Include="Mtf.h">
      <Filter>Header Files\VMM\VMX</Filter>
    </ClInclude>
    <ClInclude Include="ManageRegs.h">
      <Filter>Header Files\VMM\VMX</Filter>
    </ClInclude>
    <ClInclude Include="BreakpointCommands.h">
      <Filter>Header Files\Debugger\Commands</Filter>
    </ClInclude>
  </ItemGroup>
  <ItemGroup>
    <MASM Include="AsmEpt.asm">
      <Filter>Source Files\Assembly</Filter>
    </MASM>
    <MASM Include="AsmCommon.asm">
      <Filter>Source Files\Assembly</Filter>
    </MASM>
    <MASM Include="AsmSegmentRegs.asm">
      <Filter>Source Files\Assembly</Filter>
    </MASM>
    <MASM Include="AsmVmxOperation.asm">
      <Filter>Source Files\Assembly</Filter>
    </MASM>
    <MASM Include="AsmVmxContextState.asm">
      <Filter>Source Files\Assembly</Filter>
    </MASM>
    <MASM Include="AsmVmexitHandler.asm">
      <Filter>Source Files\Assembly</Filter>
    </MASM>
    <MASM Include="AsmDebugger.asm">
      <Filter>Source Files\Assembly</Filter>
    </MASM>
  </ItemGroup>
</Project>