<?xml version="1.0" encoding="utf-8"?>
<Project ToolsVersion="4.0" xmlns="http://schemas.microsoft.com/developer/msbuild/2003">
  <ItemGroup>
    <Filter Include="header">
      <UniqueIdentifier>{394759f8-22cc-4b47-945c-dd08a59b5eb8}</UniqueIdentifier>
    </Filter>
    <Filter Include="code">
      <UniqueIdentifier>{c40916c8-414b-486b-bfd1-13bcbafd8fa1}</UniqueIdentifier>
    </Filter>
    <Filter Include="header\platform">
      <UniqueIdentifier>{14cb7f22-aa90-410e-a333-f05e0ec7981f}</UniqueIdentifier>
    </Filter>
  </ItemGroup>
  <ItemGroup>
    <ClInclude Include="header\pch.h">
      <Filter>header</Filter>
    </ClInclude>
    <ClInclude Include="..\..\..\platform\user\header\Environment.h">
      <Filter>header\platform</Filter>
    </ClInclude>
  </ItemGroup>
  <ItemGroup>
    <ClCompile Include="code\hyperdbg-app.cpp">
      <Filter>code</Filter>
    </ClCompile>
  </ItemGroup>
</Project>