<?xml version="1.0" encoding="utf-8"?>
<Project ToolsVersion="4.0" xmlns="http://schemas.microsoft.com/developer/msbuild/2003">
  <ItemGroup>
    <Filter Include="header">
      <UniqueIdentifier>{93995380-89BD-4b04-88EB-625FBE52EBFB}</UniqueIdentifier>
      <Extensions>h;hpp;hxx;hm;inl;inc;xsd</Extensions>
    </Filter>
    <Filter Include="header\common">
      <UniqueIdentifier>{552ad1ee-f507-4577-96c0-a421e5060907}</UniqueIdentifier>
    </Filter>
    <Filter Include="header\vmm">
      <UniqueIdentifier>{7bb3397e-cb3d-4625-8ee3-742475b27948}</UniqueIdentifier>
    </Filter>
    <Filter Include="header\vmm\ept">
      <UniqueIdentifier>{0e525115-4ff2-45b4-ba02-f8fd40582ad3}</UniqueIdentifier>
    </Filter>
    <Filter Include="header\vmm\vmx">
      <UniqueIdentifier>{cbf160f2-ca9f-45ec-a27f-ba0891204aca}</UniqueIdentifier>
    </Filter>
    <Filter Include="header\devices">
      <UniqueIdentifier>{3c7b33d6-6147-4c8a-a742-aeff2b63b575}</UniqueIdentifier>
    </Filter>
    <Filter Include="code">
      <UniqueIdentifier>{4FC737F1-C7A5-4376-A066-2A32D752A2FF}</UniqueIdentifier>
      <Extensions>cpp;c;cc;cxx;def;odl;idl;hpj;bat;asm;asmx</Extensions>
    </Filter>
    <Filter Include="code\assembly">
      <UniqueIdentifier>{6d6e64b5-3942-4270-9f6d-cf370eedaab1}</UniqueIdentifier>
    </Filter>
    <Filter Include="code\common">
      <UniqueIdentifier>{fe16b9fa-aee2-467d-9f51-643057d24250}</UniqueIdentifier>
    </Filter>
    <Filter Include="code\devices">
      <UniqueIdentifier>{92ce4a54-97e0-4ab4-881f-6703049c03d6}</UniqueIdentifier>
    </Filter>
    <Filter Include="code\memory">
      <UniqueIdentifier>{27a88a32-b649-4563-8ac5-c48288479627}</UniqueIdentifier>
    </Filter>
    <Filter Include="header\memory">
      <UniqueIdentifier>{7d72077e-4c3d-471b-8465-c235fc9b9488}</UniqueIdentifier>
    </Filter>
    <Filter Include="header\components">
      <UniqueIdentifier>{6d4d41d1-afae-48ce-9a7b-a9e9160e647a}</UniqueIdentifier>
    </Filter>
    <Filter Include="code\vmm">
      <UniqueIdentifier>{801e6efc-7fb0-4ed3-9aea-dbb1f63d3ddf}</UniqueIdentifier>
    </Filter>
    <Filter Include="code\vmm\ept">
      <UniqueIdentifier>{ec45d147-144f-487e-ae36-966cbc095b2f}</UniqueIdentifier>
    </Filter>
    <Filter Include="code\vmm\vmx">
      <UniqueIdentifier>{aabeca50-1c14-442c-8268-ece54ed257d5}</UniqueIdentifier>
    </Filter>
    <Filter Include="code\platform">
      <UniqueIdentifier>{68d1ee5d-bda8-423c-9a5b-b259d9afc34c}</UniqueIdentifier>
    </Filter>
    <Filter Include="header\platform">
      <UniqueIdentifier>{4caf74e9-0bbf-4e81-84ff-0cdf14f79c16}</UniqueIdentifier>
    </Filter>
    <Filter Include="code\globals">
      <UniqueIdentifier>{a7f11b36-d144-4970-826a-a1e54e72e556}</UniqueIdentifier>
    </Filter>
    <Filter Include="code\interface">
      <UniqueIdentifier>{20741da2-52c0-4c6c-ab4f-d8a29bae81e7}</UniqueIdentifier>
    </Filter>
    <Filter Include="code\transparency">
      <UniqueIdentifier>{33ddc8db-b65a-4ebd-a214-1b8060bf6ab0}</UniqueIdentifier>
    </Filter>
    <Filter Include="header\transparency">
      <UniqueIdentifier>{3646ca74-c21f-4d7d-8e93-51ec5fae9d0f}</UniqueIdentifier>
    </Filter>
    <Filter Include="header\interface">
      <UniqueIdentifier>{bd4cf053-c1f6-40df-984d-37f9f50b85ac}</UniqueIdentifier>
    </Filter>
    <Filter Include="code\hooks">
      <UniqueIdentifier>{9ee6fedc-6246-4954-95e3-bd0496205437}</UniqueIdentifier>
    </Filter>
    <Filter Include="header\hooks">
      <UniqueIdentifier>{99e17324-753e-41fe-923d-c6038e8bf91a}</UniqueIdentifier>
    </Filter>
    <Filter Include="code\hooks\ept-hook">
      <UniqueIdentifier>{e3632fff-6811-445c-a3b1-43faf02b5eae}</UniqueIdentifier>
    </Filter>
    <Filter Include="code\hooks\syscall-hook">
      <UniqueIdentifier>{293a7e14-23fc-4526-bdf7-6ba3beca6077}</UniqueIdentifier>
    </Filter>
    <Filter Include="code\broadcast">
      <UniqueIdentifier>{39d36642-070d-46ba-a979-47eab170264c}</UniqueIdentifier>
    </Filter>
    <Filter Include="header\broadcast">
      <UniqueIdentifier>{16a14404-8d63-4ea1-89df-609d3b4f13fa}</UniqueIdentifier>
    </Filter>
    <Filter Include="header\globals">
      <UniqueIdentifier>{740e29a4-86cf-41c1-b6d0-6e182ab55823}</UniqueIdentifier>
    </Filter>
    <Filter Include="header\components\spinlock">
      <UniqueIdentifier>{91f41500-46a9-4c4d-ad6b-3697f1ba5639}</UniqueIdentifier>
    </Filter>
    <Filter Include="header\macros">
      <UniqueIdentifier>{3341e414-60a5-4c8c-9dee-59addb1b6bca}</UniqueIdentifier>
    </Filter>
    <Filter Include="header\assembly">
      <UniqueIdentifier>{b4e447d1-4548-43ad-8e5d-f9e0aaf64076}</UniqueIdentifier>
    </Filter>
    <Filter Include="header\features">
      <UniqueIdentifier>{336e212a-d3ac-4b5a-8e49-34682a902fbc}</UniqueIdentifier>
    </Filter>
    <Filter Include="code\features">
      <UniqueIdentifier>{7d57205a-dfa8-45af-afe5-253b9c2c9cea}</UniqueIdentifier>
    </Filter>
    <Filter Include="code\disassembler">
      <UniqueIdentifier>{f74dfb9e-5b98-4734-8de3-4525e050be27}</UniqueIdentifier>
    </Filter>
    <Filter Include="header\disassembler">
      <UniqueIdentifier>{71986cfc-6f8b-424c-ad92-4b1bda917eff}</UniqueIdentifier>
    </Filter>
    <Filter Include="header\disassembler\zydis">
      <UniqueIdentifier>{41510958-220b-4afb-b0b9-655b24f289bd}</UniqueIdentifier>
    </Filter>
    <Filter Include="header\disassembler\zycore">
      <UniqueIdentifier>{e92a39db-1b51-4463-b12f-d9d86b4e6781}</UniqueIdentifier>
    </Filter>
    <Filter Include="code\components">
      <UniqueIdentifier>{f54cce1c-42c4-4de5-b281-605d86f54d24}</UniqueIdentifier>
    </Filter>
    <Filter Include="code\components\registers">
      <UniqueIdentifier>{abd2d5cf-8f42-4aae-a8c2-ea77c40fd87b}</UniqueIdentifier>
    </Filter>
    <Filter Include="code\components\spinlock">
      <UniqueIdentifier>{3850bccc-e309-4094-8ba9-625b5f59a1e7}</UniqueIdentifier>
    </Filter>
    <Filter Include="code\components\optimizations">
      <UniqueIdentifier>{15197c45-ff17-439c-85b3-4af9ba3b0b37}</UniqueIdentifier>
    </Filter>
    <Filter Include="header\components\optimizations">
      <UniqueIdentifier>{0c6f7e8d-4829-4a45-b09d-4c40cfcc5cf7}</UniqueIdentifier>
    </Filter>
    <Filter Include="code\processor">
      <UniqueIdentifier>{36f1d8ba-6527-4c1b-8016-ae66d1bd41e7}</UniqueIdentifier>
    </Filter>
    <Filter Include="header\processor">
      <UniqueIdentifier>{8efcd014-6f76-436f-bca7-33f1cf2bd980}</UniqueIdentifier>
    </Filter>
    <Filter Include="code\mmio">
      <UniqueIdentifier>{6136b867-021b-4f61-aa79-c1b6ccafe670}</UniqueIdentifier>
    </Filter>
    <Filter Include="header\mmio">
      <UniqueIdentifier>{c310c4a9-c337-454d-94ca-4c6b1216cf41}</UniqueIdentifier>
    </Filter>
  </ItemGroup>
  <ItemGroup>
    <ClCompile Include="code\common\Common.c">
      <Filter>code\common</Filter>
    </ClCompile>
    <ClCompile Include="code\devices\Apic.c">
      <Filter>code\devices</Filter>
    </ClCompile>
    <ClCompile Include="code\vmm\ept\Ept.c">
      <Filter>code\vmm\ept</Filter>
    </ClCompile>
    <ClCompile Include="code\vmm\ept\Invept.c">
      <Filter>code\vmm\ept</Filter>
    </ClCompile>
    <ClCompile Include="code\vmm\ept\Vpid.c">
      <Filter>code\vmm\ept</Filter>
    </ClCompile>
    <ClCompile Include="code\vmm\vmx\Counters.c">
      <Filter>code\vmm\vmx</Filter>
    </ClCompile>
    <ClCompile Include="code\vmm\vmx\CrossVmexits.c">
      <Filter>code\vmm\vmx</Filter>
    </ClCompile>
    <ClCompile Include="code\vmm\vmx\Events.c">
      <Filter>code\vmm\vmx</Filter>
    </ClCompile>
    <ClCompile Include="code\vmm\vmx\IdtEmulation.c">
      <Filter>code\vmm\vmx</Filter>
    </ClCompile>
    <ClCompile Include="code\vmm\vmx\IoHandler.c">
      <Filter>code\vmm\vmx</Filter>
    </ClCompile>
    <ClCompile Include="code\vmm\vmx\ManageRegs.c">
      <Filter>code\vmm\vmx</Filter>
    </ClCompile>
    <ClCompile Include="code\vmm\vmx\Mtf.c">
      <Filter>code\vmm\vmx</Filter>
    </ClCompile>
    <ClCompile Include="code\vmm\vmx\Vmcall.c">
      <Filter>code\vmm\vmx</Filter>
    </ClCompile>
    <ClCompile Include="code\vmm\vmx\Vmexit.c">
      <Filter>code\vmm\vmx</Filter>
    </ClCompile>
    <ClCompile Include="code\vmm\vmx\Vmx.c">
      <Filter>code\vmm\vmx</Filter>
    </ClCompile>
    <ClCompile Include="code\vmm\vmx\VmxRegions.c">
      <Filter>code\vmm\vmx</Filter>
    </ClCompile>
    <ClCompile Include="code\memory\MemoryManager.c">
      <Filter>code\memory</Filter>
    </ClCompile>
    <ClCompile Include="code\memory\MemoryMapper.c">
      <Filter>code\memory</Filter>
    </ClCompile>
    <ClCompile Include="code\memory\PoolManager.c">
      <Filter>code\memory</Filter>
    </ClCompile>
    <ClCompile Include="code\components\registers\DebugRegisters.c">
      <Filter>code\components\registers</Filter>
    </ClCompile>
    <ClCompile Include="code\vmm\vmx\VmxMechanisms.c">
      <Filter>code\vmm\vmx</Filter>
    </ClCompile>
    <ClCompile Include="code\vmm\vmx\MsrHandlers.c">
      <Filter>code\vmm\vmx</Filter>
    </ClCompile>
    <ClCompile Include="code\vmm\vmx\ProtectedHv.c">
      <Filter>code\vmm\vmx</Filter>
    </ClCompile>
    <ClCompile Include="code\vmm\vmx\Hv.c">
      <Filter>code\vmm\vmx</Filter>
    </ClCompile>
    <ClCompile Include="code\vmm\vmx\VmxBroadcast.c">
      <Filter>code\vmm\vmx</Filter>
    </ClCompile>
    <ClCompile Include="code\globals\GlobalVariableManagement.c">
      <Filter>code\globals</Filter>
    </ClCompile>
    <ClCompile Include="code\interface\Dispatch.c">
      <Filter>code\interface</Filter>
    </ClCompile>
    <ClCompile Include="code\interface\Export.c">
      <Filter>code\interface</Filter>
    </ClCompile>
    <ClCompile Include="code\transparency\Transparency.c">
      <Filter>code\transparency</Filter>
    </ClCompile>
    <ClCompile Include="code\hooks\ept-hook\EptHook.c">
      <Filter>code\hooks\ept-hook</Filter>
    </ClCompile>
    <ClCompile Include="code\hooks\syscall-hook\EferHook.c">
      <Filter>code\hooks\syscall-hook</Filter>
    </ClCompile>
    <ClCompile Include="code\hooks\syscall-hook\SsdtHook.c">
      <Filter>code\hooks\syscall-hook</Filter>
    </ClCompile>
    <ClCompile Include="code\broadcast\Broadcast.c">
      <Filter>code\broadcast</Filter>
    </ClCompile>
    <ClCompile Include="code\broadcast\DpcRoutines.c">
      <Filter>code\broadcast</Filter>
    </ClCompile>
    <ClCompile Include="..\include\components\spinlock\code\Spinlock.c">
      <Filter>code\components\spinlock</Filter>
    </ClCompile>
    <ClCompile Include="code\interface\Configuration.c">
      <Filter>code\interface</Filter>
    </ClCompile>
    <ClCompile Include="code\interface\Callback.c">
      <Filter>code\interface</Filter>
    </ClCompile>
    <ClCompile Include="code\features\DirtyLogging.c">
      <Filter>code\features</Filter>
    </ClCompile>
    <ClCompile Include="code\features\CompatibilityChecks.c">
      <Filter>code\features</Filter>
    </ClCompile>
    <ClCompile Include="code\hooks\ept-hook\ModeBasedExecHook.c">
      <Filter>code\hooks\ept-hook</Filter>
    </ClCompile>
    <ClCompile Include="code\common\Bitwise.c">
      <Filter>code\common</Filter>
    </ClCompile>
    <ClCompile Include="code\memory\Conversion.c">
      <Filter>code\memory</Filter>
    </ClCompile>
    <ClCompile Include="code\memory\Layout.c">
      <Filter>code\memory</Filter>
    </ClCompile>
    <ClCompile Include="code\memory\AddressCheck.c">
      <Filter>code\memory</Filter>
    </ClCompile>
    <ClCompile Include="code\memory\SwitchLayout.c">
      <Filter>code\memory</Filter>
    </ClCompile>
    <ClCompile Include="code\disassembler\ZydisKernel.c">
      <Filter>code\disassembler</Filter>
    </ClCompile>
    <ClCompile Include="code\disassembler\Disassembler.c">
      <Filter>code\disassembler</Filter>
    </ClCompile>
    <ClCompile Include="code\common\UnloadDll.c">
      <Filter>code\common</Filter>
    </ClCompile>
    <ClCompile Include="code\hooks\ept-hook\ExecTrap.c">
      <Filter>code\hooks\ept-hook</Filter>
    </ClCompile>
    <ClCompile Include="..\include\components\optimizations\code\AvlTree.c">
      <Filter>code\components\optimizations</Filter>
    </ClCompile>
    <ClCompile Include="..\include\components\optimizations\code\BinarySearch.c">
      <Filter>code\components\optimizations</Filter>
    </ClCompile>
    <ClCompile Include="..\include\components\optimizations\code\InsertionSort.c">
      <Filter>code\components\optimizations</Filter>
    </ClCompile>
    <ClCompile Include="..\include\components\optimizations\code\OptimizationsExamples.c">
      <Filter>code\components\optimizations</Filter>
    </ClCompile>
    <ClCompile Include="code\interface\DirectVmcall.c">
      <Filter>code\interface</Filter>
    </ClCompile>
    <ClCompile Include="..\include\platform\kernel\code\Mem.c">
      <Filter>code\platform</Filter>
    </ClCompile>
    <ClCompile Include="code\memory\Segmentation.c">
      <Filter>code\memory</Filter>
    </ClCompile>
    <ClCompile Include="code\devices\Pci.c">
      <Filter>code\devices</Filter>
    </ClCompile>
    <ClCompile Include="code\processor\Idt.c">
      <Filter>code\processor</Filter>
    </ClCompile>
    <ClCompile Include="code\mmio\MmioShadowing.c">
      <Filter>code\mmio</Filter>
    </ClCompile>
  </ItemGroup>
  <ItemGroup>
    <ClInclude Include="pch.h">
      <Filter>header</Filter>
    </ClInclude>
    <ClInclude Include="header\common\Common.h">
      <Filter>header\common</Filter>
    </ClInclude>
    <ClInclude Include="header\common\Dpc.h">
      <Filter>header\common</Filter>
    </ClInclude>
    <ClInclude Include="header\common\Msr.h">
      <Filter>header\common</Filter>
    </ClInclude>
    <ClInclude Include="header\common\Trace.h">
      <Filter>header\common</Filter>
    </ClInclude>
    <ClInclude Include="header\devices\Apic.h">
      <Filter>header\devices</Filter>
    </ClInclude>
    <ClInclude Include="header\vmm\ept\Ept.h">
      <Filter>header\vmm\ept</Filter>
    </ClInclude>
    <ClInclude Include="header\vmm\ept\Invept.h">
      <Filter>header\vmm\ept</Filter>
    </ClInclude>
    <ClInclude Include="header\vmm\ept\Vpid.h">
      <Filter>header\vmm\ept</Filter>
    </ClInclude>
    <ClInclude Include="header\vmm\vmx\Counters.h">
      <Filter>header\vmm\vmx</Filter>
    </ClInclude>
    <ClInclude Include="header\vmm\vmx\Events.h">
      <Filter>header\vmm\vmx</Filter>
    </ClInclude>
    <ClInclude Include="header\vmm\vmx\IdtEmulation.h">
      <Filter>header\vmm\vmx</Filter>
    </ClInclude>
    <ClInclude Include="header\vmm\vmx\IoHandler.h">
      <Filter>header\vmm\vmx</Filter>
    </ClInclude>
    <ClInclude Include="header\vmm\vmx\Mtf.h">
      <Filter>header\vmm\vmx</Filter>
    </ClInclude>
    <ClInclude Include="header\vmm\vmx\Vmcall.h">
      <Filter>header\vmm\vmx</Filter>
    </ClInclude>
    <ClInclude Include="header\vmm\vmx\Vmx.h">
      <Filter>header\vmm\vmx</Filter>
    </ClInclude>
    <ClInclude Include="header\memory\MemoryMapper.h">
      <Filter>header\memory</Filter>
    </ClInclude>
    <ClInclude Include="header\memory\PoolManager.h">
      <Filter>header\memory</Filter>
    </ClInclude>
    <ClInclude Include="header\vmm\vmx\VmxMechanisms.h">
      <Filter>header\vmm\vmx</Filter>
    </ClInclude>
    <ClInclude Include="header\vmm\vmx\MsrHandlers.h">
      <Filter>header\vmm\vmx</Filter>
    </ClInclude>
    <ClInclude Include="header\vmm\vmx\Hv.h">
      <Filter>header\vmm\vmx</Filter>
    </ClInclude>
    <ClInclude Include="header\vmm\vmx\ProtectedHv.h">
      <Filter>header\vmm\vmx</Filter>
    </ClInclude>
    <ClInclude Include="header\vmm\vmx\VmxBroadcast.h">
      <Filter>header\vmm\vmx</Filter>
    </ClInclude>
    <ClInclude Include="header\globals\GlobalVariableManagement.h">
      <Filter>header\globals</Filter>
    </ClInclude>
    <ClInclude Include="header\globals\GlobalVariables.h">
      <Filter>header\globals</Filter>
    </ClInclude>
    <ClInclude Include="header\vmm\vmx\HypervTlfs.h">
      <Filter>header\vmm\vmx</Filter>
    </ClInclude>
    <ClInclude Include="header\common\State.h">
      <Filter>header\common</Filter>
    </ClInclude>
    <ClInclude Include="header\transparency\Transparency.h">
      <Filter>header\transparency</Filter>
    </ClInclude>
    <ClInclude Include="header\interface\Dispatch.h">
      <Filter>header\interface</Filter>
    </ClInclude>
    <ClInclude Include="header\hooks\Hooks.h">
      <Filter>header\hooks</Filter>
    </ClInclude>
    <ClInclude Include="header\broadcast\Broadcast.h">
      <Filter>header\broadcast</Filter>
    </ClInclude>
    <ClInclude Include="header\broadcast\DpcRoutines.h">
      <Filter>header\broadcast</Filter>
    </ClInclude>
    <ClInclude Include="..\include\components\spinlock\header\Spinlock.h">
      <Filter>header\components\spinlock</Filter>
    </ClInclude>
    <ClInclude Include="..\include\macros\MetaMacros.h">
      <Filter>header\macros</Filter>
    </ClInclude>
    <ClInclude Include="header\assembly\InlineAsm.h">
      <Filter>header\assembly</Filter>
    </ClInclude>
    <ClInclude Include="header\interface\Callback.h">
      <Filter>header\interface</Filter>
    </ClInclude>
    <ClInclude Include="header\features\DirtyLogging.h">
      <Filter>header\features</Filter>
    </ClInclude>
    <ClInclude Include="header\features\CompatibilityChecks.h">
      <Filter>header\features</Filter>
    </ClInclude>
    <ClInclude Include="header\hooks\ModeBasedExecHook.h">
      <Filter>header\hooks</Filter>
    </ClInclude>
    <ClInclude Include="header\memory\Conversion.h">
      <Filter>header\memory</Filter>
    </ClInclude>
    <ClInclude Include="header\memory\Layout.h">
      <Filter>header\memory</Filter>
    </ClInclude>
    <ClInclude Include="header\common\Bitwise.h">
      <Filter>header\common</Filter>
    </ClInclude>
    <ClInclude Include="header\memory\AddressCheck.h">
      <Filter>header\memory</Filter>
    </ClInclude>
    <ClInclude Include="header\memory\SwitchLayout.h">
      <Filter>header\memory</Filter>
    </ClInclude>
    <ClInclude Include="..\dependencies\zydis\include\Zydis\Decoder.h">
      <Filter>header\disassembler\zydis</Filter>
    </ClInclude>
    <ClInclude Include="..\dependencies\zydis\include\Zydis\DecoderTypes.h">
      <Filter>header\disassembler\zydis</Filter>
    </ClInclude>
    <ClInclude Include="..\dependencies\zydis\include\Zydis\Defines.h">
      <Filter>header\disassembler\zydis</Filter>
    </ClInclude>
    <ClInclude Include="..\dependencies\zydis\include\Zydis\Disassembler.h">
      <Filter>header\disassembler\zydis</Filter>
    </ClInclude>
    <ClInclude Include="..\dependencies\zydis\include\Zydis\Encoder.h">
      <Filter>header\disassembler\zydis</Filter>
    </ClInclude>
    <ClInclude Include="..\dependencies\zydis\include\Zydis\Formatter.h">
      <Filter>header\disassembler\zydis</Filter>
    </ClInclude>
    <ClInclude Include="..\dependencies\zydis\include\Zydis\FormatterBuffer.h">
      <Filter>header\disassembler\zydis</Filter>
    </ClInclude>
    <ClInclude Include="..\dependencies\zydis\include\Zydis\MetaInfo.h">
      <Filter>header\disassembler\zydis</Filter>
    </ClInclude>
    <ClInclude Include="..\dependencies\zydis\include\Zydis\Mnemonic.h">
      <Filter>header\disassembler\zydis</Filter>
    </ClInclude>
    <ClInclude Include="..\dependencies\zydis\include\Zydis\Register.h">
      <Filter>header\disassembler\zydis</Filter>
    </ClInclude>
    <ClInclude Include="..\dependencies\zydis\include\Zydis\Segment.h">
      <Filter>header\disassembler\zydis</Filter>
    </ClInclude>
    <ClInclude Include="..\dependencies\zydis\include\Zydis\SharedTypes.h">
      <Filter>header\disassembler\zydis</Filter>
    </ClInclude>
    <ClInclude Include="..\dependencies\zydis\include\Zydis\ShortString.h">
      <Filter>header\disassembler\zydis</Filter>
    </ClInclude>
    <ClInclude Include="..\dependencies\zydis\include\Zydis\Status.h">
      <Filter>header\disassembler\zydis</Filter>
    </ClInclude>
    <ClInclude Include="..\dependencies\zydis\include\Zydis\Utils.h">
      <Filter>header\disassembler\zydis</Filter>
    </ClInclude>
    <ClInclude Include="..\dependencies\zydis\include\Zydis\Zydis.h">
      <Filter>header\disassembler\zydis</Filter>
    </ClInclude>
    <ClInclude Include="..\dependencies\zydis\dependencies\zycore\include\Zycore\Allocator.h">
      <Filter>header\disassembler\zycore</Filter>
    </ClInclude>
    <ClInclude Include="..\dependencies\zydis\dependencies\zycore\include\Zycore\ArgParse.h">
      <Filter>header\disassembler\zycore</Filter>
    </ClInclude>
    <ClInclude Include="..\dependencies\zydis\dependencies\zycore\include\Zycore\Atomic.h">
      <Filter>header\disassembler\zycore</Filter>
    </ClInclude>
    <ClInclude Include="..\dependencies\zydis\dependencies\zycore\include\Zycore\Bitset.h">
      <Filter>header\disassembler\zycore</Filter>
    </ClInclude>
    <ClInclude Include="..\dependencies\zydis\dependencies\zycore\include\Zycore\Comparison.h">
      <Filter>header\disassembler\zycore</Filter>
    </ClInclude>
    <ClInclude Include="..\dependencies\zydis\dependencies\zycore\include\Zycore\Defines.h">
      <Filter>header\disassembler\zycore</Filter>
    </ClInclude>
    <ClInclude Include="..\dependencies\zydis\dependencies\zycore\include\Zycore\Format.h">
      <Filter>header\disassembler\zycore</Filter>
    </ClInclude>
    <ClInclude Include="..\dependencies\zydis\dependencies\zycore\include\Zycore\LibC.h">
      <Filter>header\disassembler\zycore</Filter>
    </ClInclude>
    <ClInclude Include="..\dependencies\zydis\dependencies\zycore\include\Zycore\List.h">
      <Filter>header\disassembler\zycore</Filter>
    </ClInclude>
    <ClInclude Include="..\dependencies\zydis\dependencies\zycore\include\Zycore\Object.h">
      <Filter>header\disassembler\zycore</Filter>
    </ClInclude>
    <ClInclude Include="..\dependencies\zydis\dependencies\zycore\include\Zycore\Status.h">
      <Filter>header\disassembler\zycore</Filter>
    </ClInclude>
    <ClInclude Include="..\dependencies\zydis\dependencies\zycore\include\Zycore\String.h">
      <Filter>header\disassembler\zycore</Filter>
    </ClInclude>
    <ClInclude Include="..\dependencies\zydis\dependencies\zycore\include\Zycore\Types.h">
      <Filter>header\disassembler\zycore</Filter>
    </ClInclude>
    <ClInclude Include="..\dependencies\zydis\dependencies\zycore\include\Zycore\Vector.h">
      <Filter>header\disassembler\zycore</Filter>
    </ClInclude>
    <ClInclude Include="..\dependencies\zydis\dependencies\zycore\include\Zycore\Zycore.h">
      <Filter>header\disassembler\zycore</Filter>
    </ClInclude>
    <ClInclude Include="header\disassembler\Disassembler.h">
      <Filter>header\disassembler</Filter>
    </ClInclude>
    <ClInclude Include="header\common\UnloadDll.h">
      <Filter>header\common</Filter>
    </ClInclude>
    <ClInclude Include="header\hooks\ExecTrap.h">
      <Filter>header\hooks</Filter>
    </ClInclude>
    <ClInclude Include="..\include\components\optimizations\header\AvlTree.h">
      <Filter>header\components\optimizations</Filter>
    </ClInclude>
    <ClInclude Include="..\include\components\optimizations\header\BinarySearch.h">
      <Filter>header\components\optimizations</Filter>
    </ClInclude>
    <ClInclude Include="..\include\components\optimizations\header\InsertionSort.h">
      <Filter>header\components\optimizations</Filter>
    </ClInclude>
    <ClInclude Include="..\include\components\optimizations\header\OptimizationsExamples.h">
      <Filter>header\components\optimizations</Filter>
    </ClInclude>
    <ClInclude Include="header\interface\DirectVmcall.h">
      <Filter>header\interface</Filter>
    </ClInclude>
    <ClInclude Include="..\include\platform\kernel\header\Environment.h">
      <Filter>header\platform</Filter>
    </ClInclude>
    <ClInclude Include="..\include\platform\kernel\header\Mem.h">
      <Filter>header\platform</Filter>
    </ClInclude>
    <ClInclude Include="header\memory\Segmentation.h">
      <Filter>header\memory</Filter>
    </ClInclude>
    <ClInclude Include="header\vmm\vmx\VmxRegions.h">
      <Filter>header\vmm\vmx</Filter>
    </ClInclude>
    <ClInclude Include="header\devices\Pci.h">
      <Filter>header\devices</Filter>
    </ClInclude>
    <ClInclude Include="header\processor\Idt.h">
      <Filter>header\processor</Filter>
    </ClInclude>
    <ClInclude Include="header\mmio\MmioShadowing.h">
      <Filter>header\mmio</Filter>
    </ClInclude>
  </ItemGroup>
  <ItemGroup>
    <MASM Include="code\assembly\AsmCommon.asm">
      <Filter>code\assembly</Filter>
    </MASM>
    <MASM Include="code\assembly\AsmHooks.asm">
      <Filter>code\assembly</Filter>
    </MASM>
    <MASM Include="code\assembly\AsmEpt.asm">
      <Filter>code\assembly</Filter>
    </MASM>
    <MASM Include="code\assembly\AsmSegmentRegs.asm">
      <Filter>code\assembly</Filter>
    </MASM>
    <MASM Include="code\assembly\AsmVmexitHandler.asm">
      <Filter>code\assembly</Filter>
    </MASM>
    <MASM Include="code\assembly\AsmVmxContextState.asm">
      <Filter>code\assembly</Filter>
    </MASM>
    <MASM Include="code\assembly\AsmVmxOperation.asm">
      <Filter>code\assembly</Filter>
    </MASM>
    <MASM Include="code\assembly\AsmInterruptHandlers.asm">
      <Filter>code</Filter>
    </MASM>
  </ItemGroup>
</Project>