<?xml version="1.0" encoding="utf-8"?>
<Project ToolsVersion="4.0" xmlns="http://schemas.microsoft.com/developer/msbuild/2003">
  <ItemGroup>
    <Filter Include="Source Files">
      <UniqueIdentifier>{4FC737F1-C7A5-4376-A066-2A32D752A2FF}</UniqueIdentifier>
      <Extensions>cpp;c;cc;cxx;def;odl;idl;hpj;bat;asm;asmx</Extensions>
    </Filter>
    <Filter Include="Header Files">
      <UniqueIdentifier>{93995380-89BD-4b04-88EB-625FBE52EBFB}</UniqueIdentifier>
      <Extensions>h;hh;hpp;hxx;hm;inl;inc;xsd</Extensions>
    </Filter>
    <Filter Include="Resource Files">
      <UniqueIdentifier>{67DA6AB6-F800-4c08-8B7A-83BB121AAD01}</UniqueIdentifier>
      <Extensions>rc;ico;cur;bmp;dlg;rc2;rct;bin;rgs;gif;jpg;jpeg;jpe;resx;tiff;tif;png;wav;mfcribbon-ms</Extensions>
    </Filter>
  </ItemGroup>
  <ItemGroup>
    <ClCompile Include="main.cpp">
      <Filter>Source Files</Filter>
    </ClCompile>
    <ClCompile Include="PDB.cpp">
      <Filter>Source Files</Filter>
    </ClCompile>
    <ClCompile Include="PDBHeaderReconstructor.cpp">
      <Filter>Source Files</Filter>
    </ClCompile>
    <ClCompile Include="PDBExtractor.cpp">
      <Filter>Source Files</Filter>
    </ClCompile>
    <ClCompile Include="HyperDbgIntegration.cpp">
      <Filter>Source Files</Filter>
    </ClCompile>
  </ItemGroup>
  <ItemGroup>
    <ClInclude Include="PDB.h">
      <Filter>Header Files</Filter>
    </ClInclude>
    <ClInclude Include="PDBSymbolVisitorBase.h">
      <Filter>Header Files</Filter>
    </ClInclude>
    <ClInclude Include="PDBSymbolVisitor.h">
      <Filter>Header Files</Filter>
    </ClInclude>
    <ClInclude Include="PDBReconstructorBase.h">
      <Filter>Header Files</Filter>
    </ClInclude>
    <ClInclude Include="PDBSymbolSorter.h">
      <Filter>Header Files</Filter>
    </ClInclude>
    <ClInclude Include="PDBHeaderReconstructor.h">
      <Filter>Header Files</Filter>
    </ClInclude>
    <ClInclude Include="PDBExtractor.h">
      <Filter>Header Files</Filter>
    </ClInclude>
    <ClInclude Include="UdtFieldDefinition.h">
      <Filter>Header Files</Filter>
    </ClInclude>
    <ClInclude Include="UdtFieldDefinitionBase.h">
      <Filter>Header Files</Filter>
    </ClInclude>
    <ClInclude Include="PDBSymbolSorterAlphabetical.h">
      <Filter>Header Files</Filter>
    </ClInclude>
    <ClInclude Include="PDBSymbolSorterBase.h">
      <Filter>Header Files</Filter>
    </ClInclude>
    <ClInclude Include="PDBCallback.h">
      <Filter>Header Files</Filter>
    </ClInclude>
    <ClInclude Include="HyperDbgGlobals.h">
      <Filter>Header Files</Filter>
    </ClInclude>
    <ClInclude Include="HyperDbgExport.h">
      <Filter>Header Files</Filter>
    </ClInclude>
  </ItemGroup>
  <ItemGroup>
    <None Include="PDBSymbolVisitor.inl">
      <Filter>Source Files</Filter>
    </None>
  </ItemGroup>
</Project>