<?xml version="1.0" encoding="utf-8"?>
<Project ToolsVersion="4.0" xmlns="http://schemas.microsoft.com/developer/msbuild/2003">
  <ItemGroup>
    <Filter Include="code">
      <UniqueIdentifier>{d791a394-1021-4e4e-bc4d-1ff4713a9828}</UniqueIdentifier>
    </Filter>
    <Filter Include="header">
      <UniqueIdentifier>{91cef675-5f14-4fd6-acf2-6ed282b0667c}</UniqueIdentifier>
    </Filter>
    <Filter Include="code\driver">
      <UniqueIdentifier>{91ca318b-95ce-4a71-95a2-05777c960048}</UniqueIdentifier>
    </Filter>
    <Filter Include="header\driver">
      <UniqueIdentifier>{2aeca400-d056-4b3a-a3f1-bda439acd37b}</UniqueIdentifier>
    </Filter>
    <Filter Include="header\globals">
      <UniqueIdentifier>{735642d8-2faf-4b34-92c3-1ce7278f8836}</UniqueIdentifier>
    </Filter>
    <Filter Include="code\debugger">
      <UniqueIdentifier>{52042a93-3c15-42f0-97e6-11c09853ab34}</UniqueIdentifier>
    </Filter>
    <Filter Include="header\debugger">
      <UniqueIdentifier>{6661cd48-c84d-43e6-a631-65b75de25af2}</UniqueIdentifier>
    </Filter>
    <Filter Include="code\script-eval">
      <UniqueIdentifier>{9c5ef820-f8c2-41f0-9684-12ac16703f85}</UniqueIdentifier>
    </Filter>
    <Filter Include="code\debugger\broadcast">
      <UniqueIdentifier>{45b3e82f-ba47-4291-a676-55a58825f5cc}</UniqueIdentifier>
    </Filter>
    <Filter Include="header\debugger\broadcast">
      <UniqueIdentifier>{e9487dbd-bb04-44e4-848f-a4bd0833f5a4}</UniqueIdentifier>
    </Filter>
    <Filter Include="code\debugger\core">
      <UniqueIdentifier>{e786087b-04e9-449c-90f4-74acf1f90080}</UniqueIdentifier>
    </Filter>
    <Filter Include="header\debugger\core">
      <UniqueIdentifier>{9f94f25f-ef8a-412c-a064-a62c58ac23f0}</UniqueIdentifier>
    </Filter>
    <Filter Include="code\debugger\commands">
      <UniqueIdentifier>{68893ab3-e9cb-4647-8380-0b8041bf4705}</UniqueIdentifier>
    </Filter>
    <Filter Include="code\debugger\communication">
      <UniqueIdentifier>{30aa4d97-947b-4a9d-aa05-1aad01fc9556}</UniqueIdentifier>
    </Filter>
    <Filter Include="code\debugger\kernel-level">
      <UniqueIdentifier>{641ab271-4004-4333-bebd-77517a64401a}</UniqueIdentifier>
    </Filter>
    <Filter Include="code\debugger\objects">
      <UniqueIdentifier>{305c68d8-e3fd-41b4-b6a1-dc28bbfb44ba}</UniqueIdentifier>
    </Filter>
    <Filter Include="code\debugger\script-engine">
      <UniqueIdentifier>{5897bdbb-ff35-46eb-8159-375e895043b1}</UniqueIdentifier>
    </Filter>
    <Filter Include="code\debugger\tests">
      <UniqueIdentifier>{09802905-f49f-4bbb-92d7-47d7edafdfce}</UniqueIdentifier>
    </Filter>
    <Filter Include="code\debugger\user-level">
      <UniqueIdentifier>{8c098a63-0ead-4bc1-9c97-57f7b1706ffa}</UniqueIdentifier>
    </Filter>
    <Filter Include="header\debugger\commands">
      <UniqueIdentifier>{15dd9723-c11d-472e-aabe-3346b2e4c12e}</UniqueIdentifier>
    </Filter>
    <Filter Include="header\debugger\communication">
      <UniqueIdentifier>{bac542ae-ef44-4fe4-8006-3fc92d6050eb}</UniqueIdentifier>
    </Filter>
    <Filter Include="header\debugger\kernel-level">
      <UniqueIdentifier>{df04843e-f835-4760-8320-c3832fdc4b32}</UniqueIdentifier>
    </Filter>
    <Filter Include="header\debugger\objects">
      <UniqueIdentifier>{e93dfc16-8235-4d33-9570-7fafca7d5583}</UniqueIdentifier>
    </Filter>
    <Filter Include="header\debugger\script-engine">
      <UniqueIdentifier>{81808a30-c025-4f73-92bf-e54d5e2ace42}</UniqueIdentifier>
    </Filter>
    <Filter Include="header\debugger\tests">
      <UniqueIdentifier>{fe900b5c-7d27-47d6-8bf7-a2fecca1d83b}</UniqueIdentifier>
    </Filter>
    <Filter Include="header\debugger\user-level">
      <UniqueIdentifier>{c9e1f225-b893-4ffa-969f-9b7454369104}</UniqueIdentifier>
    </Filter>
    <Filter Include="header\debugger\memory">
      <UniqueIdentifier>{e39979cc-db7b-4745-b879-f58e129226f8}</UniqueIdentifier>
    </Filter>
    <Filter Include="code\debugger\memory">
      <UniqueIdentifier>{fbe20be3-c0c6-4de9-9278-33c27bdbbbbe}</UniqueIdentifier>
    </Filter>
    <Filter Include="code\common">
      <UniqueIdentifier>{25b81e11-c2ea-4b57-999a-75a9293e34a7}</UniqueIdentifier>
    </Filter>
    <Filter Include="header\common">
      <UniqueIdentifier>{d3285ad7-c442-4380-b475-53c862491f53}</UniqueIdentifier>
    </Filter>
    <Filter Include="header\components">
      <UniqueIdentifier>{15b0e029-bb3f-4bf8-8c70-4fbae0fc4347}</UniqueIdentifier>
    </Filter>
    <Filter Include="code\components">
      <UniqueIdentifier>{68e14462-70a0-47e2-adb6-a877eb75d51f}</UniqueIdentifier>
    </Filter>
    <Filter Include="header\components\spinlock">
      <UniqueIdentifier>{54c8f9bc-5510-43da-ac97-934c7c56997f}</UniqueIdentifier>
    </Filter>
    <Filter Include="code\components\spinlock">
      <UniqueIdentifier>{47f299fa-dbe7-4d52-9427-1f3310708174}</UniqueIdentifier>
    </Filter>
    <Filter Include="header\macros">
      <UniqueIdentifier>{187bb874-c3e8-4282-aa76-aa22b0d0fdf6}</UniqueIdentifier>
    </Filter>
    <Filter Include="code\assembly">
      <UniqueIdentifier>{6023208b-7db6-4d02-95c2-af17bd7eed08}</UniqueIdentifier>
    </Filter>
    <Filter Include="header\assembly">
      <UniqueIdentifier>{1bfd6479-55ce-4298-89d0-057d7f92dcdf}</UniqueIdentifier>
    </Filter>
    <Filter Include="code\components\optimizations">
      <UniqueIdentifier>{33c97e34-0541-461c-9dea-0aa0f72bc0bb}</UniqueIdentifier>
    </Filter>
    <Filter Include="header\components\optimizations">
      <UniqueIdentifier>{0ef06d6f-58c3-42d7-b8a9-d128e483a4c2}</UniqueIdentifier>
    </Filter>
    <Filter Include="code\debugger\events">
      <UniqueIdentifier>{fa470a80-b7bd-43cf-ac25-f79001f61e32}</UniqueIdentifier>
    </Filter>
    <Filter Include="header\debugger\events">
      <UniqueIdentifier>{d1ce4214-9c0e-44d6-a181-fcef5e26d8a5}</UniqueIdentifier>
    </Filter>
    <Filter Include="code\debugger\meta-events">
      <UniqueIdentifier>{6e725bf2-9cdc-4f3a-985e-a94cfa40ddbe}</UniqueIdentifier>
    </Filter>
    <Filter Include="header\debugger\meta-events">
      <UniqueIdentifier>{f308a8ae-1e28-465b-ae2f-4d307fa48177}</UniqueIdentifier>
    </Filter>
    <Filter Include="code\platform">
      <UniqueIdentifier>{63a2a7a9-943a-43a6-9c81-4831088d3628}</UniqueIdentifier>
    </Filter>
    <Filter Include="header\platform">
      <UniqueIdentifier>{49d6a936-9fcf-4c74-af16-445b1b3625d2}</UniqueIdentifier>
    </Filter>
  </ItemGroup>
  <ItemGroup>
    <ClCompile Include="code\driver\Driver.c">
      <Filter>code\driver</Filter>
    </ClCompile>
    <ClCompile Include="code\driver\Loader.c">
      <Filter>code\driver</Filter>
    </ClCompile>
    <ClCompile Include="code\driver\Ioctl.c">
      <Filter>code\driver</Filter>
    </ClCompile>
    <ClCompile Include="..\script-eval\code\Functions.c">
      <Filter>code\script-eval</Filter>
    </ClCompile>
    <ClCompile Include="..\script-eval\code\Keywords.c">
      <Filter>code\script-eval</Filter>
    </ClCompile>
    <ClCompile Include="..\script-eval\code\PseudoRegisters.c">
      <Filter>code\script-eval</Filter>
    </ClCompile>
    <ClCompile Include="..\script-eval\code\Regs.c">
      <Filter>code\script-eval</Filter>
    </ClCompile>
    <ClCompile Include="..\script-eval\code\ScriptEngineEval.c">
      <Filter>code\script-eval</Filter>
    </ClCompile>
    <ClCompile Include="code\debugger\broadcast\DpcRoutines.c">
      <Filter>code\debugger\broadcast</Filter>
    </ClCompile>
    <ClCompile Include="code\debugger\core\DebuggerVmcalls.c">
      <Filter>code\debugger\core</Filter>
    </ClCompile>
    <ClCompile Include="code\debugger\commands\BreakpointCommands.c">
      <Filter>code\debugger\commands</Filter>
    </ClCompile>
    <ClCompile Include="code\debugger\commands\DebuggerCommands.c">
      <Filter>code\debugger\commands</Filter>
    </ClCompile>
    <ClCompile Include="code\debugger\commands\ExtensionCommands.c">
      <Filter>code\debugger\commands</Filter>
    </ClCompile>
    <ClCompile Include="code\debugger\commands\Callstack.c">
      <Filter>code\debugger\commands</Filter>
    </ClCompile>
    <ClCompile Include="code\debugger\communication\SerialConnection.c">
      <Filter>code\debugger\communication</Filter>
    </ClCompile>
    <ClCompile Include="code\debugger\core\Debugger.c">
      <Filter>code\debugger\core</Filter>
    </ClCompile>
    <ClCompile Include="code\debugger\kernel-level\Kd.c">
      <Filter>code\debugger\kernel-level</Filter>
    </ClCompile>
    <ClCompile Include="code\debugger\user-level\Attaching.c">
      <Filter>code\debugger\user-level</Filter>
    </ClCompile>
    <ClCompile Include="code\debugger\user-level\ThreadHolder.c">
      <Filter>code\debugger\user-level</Filter>
    </ClCompile>
    <ClCompile Include="code\debugger\user-level\Ud.c">
      <Filter>code\debugger\user-level</Filter>
    </ClCompile>
    <ClCompile Include="code\debugger\user-level\UserAccess.c">
      <Filter>code\debugger\user-level</Filter>
    </ClCompile>
    <ClCompile Include="code\debugger\tests\KernelTests.c">
      <Filter>code\debugger\tests</Filter>
    </ClCompile>
    <ClCompile Include="code\debugger\script-engine\ScriptEngine.c">
      <Filter>code\debugger\script-engine</Filter>
    </ClCompile>
    <ClCompile Include="code\debugger\objects\Process.c">
      <Filter>code\debugger\objects</Filter>
    </ClCompile>
    <ClCompile Include="code\debugger\objects\Thread.c">
      <Filter>code\debugger\objects</Filter>
    </ClCompile>
    <ClCompile Include="code\debugger\memory\Allocations.c">
      <Filter>code\debugger\memory</Filter>
    </ClCompile>
    <ClCompile Include="code\common\Common.c">
      <Filter>code\common</Filter>
    </ClCompile>
    <ClCompile Include="..\include\components\spinlock\code\Spinlock.c">
      <Filter>code\components\spinlock</Filter>
    </ClCompile>
    <ClCompile Include="..\include\components\optimizations\code\BinarySearch.c">
      <Filter>code\components\optimizations</Filter>
    </ClCompile>
    <ClCompile Include="..\include\components\optimizations\code\AvlTree.c">
      <Filter>code\components\optimizations</Filter>
    </ClCompile>
    <ClCompile Include="..\include\components\optimizations\code\InsertionSort.c">
      <Filter>code\components\optimizations</Filter>
    </ClCompile>
    <ClCompile Include="..\include\components\optimizations\code\OptimizationsExamples.c">
      <Filter>code\components\optimizations</Filter>
    </ClCompile>
    <ClCompile Include="code\debugger\core\HaltedCore.c">
      <Filter>code\debugger\core</Filter>
    </ClCompile>
    <ClCompile Include="code\debugger\events\ApplyEvents.c">
      <Filter>code\debugger\events</Filter>
    </ClCompile>
    <ClCompile Include="code\debugger\events\DebuggerEvents.c">
      <Filter>code\debugger\events</Filter>
    </ClCompile>
    <ClCompile Include="code\debugger\events\Termination.c">
      <Filter>code\debugger\events</Filter>
    </ClCompile>
    <ClCompile Include="code\debugger\events\ValidateEvents.c">
      <Filter>code\debugger\events</Filter>
    </ClCompile>
    <ClCompile Include="code\debugger\broadcast\HaltedBroadcast.c">
      <Filter>code\debugger\broadcast</Filter>
    </ClCompile>
    <ClCompile Include="code\debugger\broadcast\HaltedRoutines.c">
      <Filter>code\debugger\broadcast</Filter>
    </ClCompile>
    <ClCompile Include="code\debugger\meta-events\Tracing.c">
      <Filter>code\debugger\meta-events</Filter>
    </ClCompile>
    <ClCompile Include="code\debugger\meta-events\MetaDispatch.c">
      <Filter>code\debugger\meta-events</Filter>
    </ClCompile>
    <ClCompile Include="..\include\platform\kernel\code\Mem.c">
      <Filter>code\platform</Filter>
    </ClCompile>
  </ItemGroup>
  <ItemGroup>
    <ClInclude Include="header\pch.h">
      <Filter>header</Filter>
    </ClInclude>
    <ClInclude Include="header\driver\Driver.h">
      <Filter>header\driver</Filter>
    </ClInclude>
    <ClInclude Include="header\globals\Global.h">
      <Filter>header\globals</Filter>
    </ClInclude>
    <ClInclude Include="header\driver\Loader.h">
      <Filter>header\driver</Filter>
    </ClInclude>
    <ClInclude Include="header\debugger\broadcast\DpcRoutines.h">
      <Filter>header\debugger\broadcast</Filter>
    </ClInclude>
    <ClInclude Include="header\debugger\core\DebuggerVmcalls.h">
      <Filter>header\debugger\core</Filter>
    </ClInclude>
    <ClInclude Include="header\debugger\commands\BreakpointCommands.h">
      <Filter>header\debugger\commands</Filter>
    </ClInclude>
    <ClInclude Include="header\debugger\commands\Callstack.h">
      <Filter>header\debugger\commands</Filter>
    </ClInclude>
    <ClInclude Include="header\debugger\commands\DebuggerCommands.h">
      <Filter>header\debugger\commands</Filter>
    </ClInclude>
    <ClInclude Include="header\debugger\commands\ExtensionCommands.h">
      <Filter>header\debugger\commands</Filter>
    </ClInclude>
    <ClInclude Include="header\debugger\communication\SerialConnection.h">
      <Filter>header\debugger\communication</Filter>
    </ClInclude>
    <ClInclude Include="header\debugger\core\Debugger.h">
      <Filter>header\debugger\core</Filter>
    </ClInclude>
    <ClInclude Include="header\debugger\core\State.h">
      <Filter>header\debugger\core</Filter>
    </ClInclude>
    <ClInclude Include="header\debugger\kernel-level\Kd.h">
      <Filter>header\debugger\kernel-level</Filter>
    </ClInclude>
    <ClInclude Include="header\debugger\user-level\Attaching.h">
      <Filter>header\debugger\user-level</Filter>
    </ClInclude>
    <ClInclude Include="header\debugger\user-level\ThreadHolder.h">
      <Filter>header\debugger\user-level</Filter>
    </ClInclude>
    <ClInclude Include="header\debugger\user-level\Ud.h">
      <Filter>header\debugger\user-level</Filter>
    </ClInclude>
    <ClInclude Include="header\debugger\user-level\UserAccess.h">
      <Filter>header\debugger\user-level</Filter>
    </ClInclude>
    <ClInclude Include="header\debugger\tests\KernelTests.h">
      <Filter>header\debugger\tests</Filter>
    </ClInclude>
    <ClInclude Include="header\debugger\script-engine\ScriptEngine.h">
      <Filter>header\debugger\script-engine</Filter>
    </ClInclude>
    <ClInclude Include="header\debugger\objects\Process.h">
      <Filter>header\debugger\objects</Filter>
    </ClInclude>
    <ClInclude Include="header\debugger\objects\Thread.h">
      <Filter>header\debugger\objects</Filter>
    </ClInclude>
    <ClInclude Include="header\debugger\memory\Allocations.h">
      <Filter>header\debugger\memory</Filter>
    </ClInclude>
    <ClInclude Include="header\debugger\memory\Memory.h">
      <Filter>header\debugger\memory</Filter>
    </ClInclude>
    <ClInclude Include="header\common\Common.h">
      <Filter>header\common</Filter>
    </ClInclude>
    <ClInclude Include="..\include\components\spinlock\header\Spinlock.h">
      <Filter>header\components\spinlock</Filter>
    </ClInclude>
    <ClInclude Include="..\include\macros\MetaMacros.h">
      <Filter>header\macros</Filter>
    </ClInclude>
    <ClInclude Include="header\common\Dpc.h">
      <Filter>header\common</Filter>
    </ClInclude>
    <ClInclude Include="header\assembly\Assembly.h">
      <Filter>header\assembly</Filter>
    </ClInclude>
    <ClInclude Include="..\include\components\optimizations\header\BinarySearch.h">
      <Filter>header\components\optimizations</Filter>
    </ClInclude>
    <ClInclude Include="..\include\components\optimizations\header\AvlTree.h">
      <Filter>header\components\optimizations</Filter>
    </ClInclude>
    <ClInclude Include="..\include\components\optimizations\header\InsertionSort.h">
      <Filter>header\components\optimizations</Filter>
    </ClInclude>
    <ClInclude Include="..\include\components\optimizations\header\OptimizationsExamples.h">
      <Filter>header\components\optimizations</Filter>
    </ClInclude>
    <ClInclude Include="header\debugger\core\HaltedCore.h">
      <Filter>header\debugger\core</Filter>
    </ClInclude>
    <ClInclude Include="header\debugger\events\ApplyEvents.h">
      <Filter>header\debugger\events</Filter>
    </ClInclude>
    <ClInclude Include="header\debugger\events\DebuggerEvents.h">
      <Filter>header\debugger\events</Filter>
    </ClInclude>
    <ClInclude Include="header\debugger\events\Termination.h">
      <Filter>header\debugger\events</Filter>
    </ClInclude>
    <ClInclude Include="header\debugger\events\ValidateEvents.h">
      <Filter>header\debugger\events</Filter>
    </ClInclude>
    <ClInclude Include="header\debugger\broadcast\HaltedBroadcast.h">
      <Filter>header\debugger\broadcast</Filter>
    </ClInclude>
    <ClInclude Include="header\debugger\broadcast\HaltedRoutines.h">
      <Filter>header\debugger\broadcast</Filter>
    </ClInclude>
    <ClInclude Include="header\debugger\meta-events\Tracing.h">
      <Filter>header\debugger\meta-events</Filter>
    </ClInclude>
    <ClInclude Include="header\debugger\meta-events\MetaDispatch.h">
      <Filter>header\debugger\meta-events</Filter>
    </ClInclude>
    <ClInclude Include="..\include\platform\kernel\header\Environment.h">
      <Filter>header\platform</Filter>
    </ClInclude>
    <ClInclude Include="..\include\platform\kernel\header\Mem.h">
      <Filter>header\platform</Filter>
    </ClInclude>
  </ItemGroup>
  <ItemGroup>
    <MASM Include="code\assembly\AsmDebugger.asm">
      <Filter>code\assembly</Filter>
    </MASM>
  </ItemGroup>
</Project>