<?xml version="1.0" encoding="utf-8"?>
<Project ToolsVersion="4.0" xmlns="http://schemas.microsoft.com/developer/msbuild/2003">
  <ItemGroup>
    <Filter Include="Driver Files">
      <UniqueIdentifier>{8E41214B-6785-4CFE-B992-037D68949A14}</UniqueIdentifier>
      <Extensions>inf;inv;inx;mof;mc;</Extensions>
    </Filter>
    <Filter Include="code">
      <UniqueIdentifier>{d791a394-1021-4e4e-bc4d-1ff4713a9828}</UniqueIdentifier>
    </Filter>
    <Filter Include="header">
      <UniqueIdentifier>{91cef675-5f14-4fd6-acf2-6ed282b0667c}</UniqueIdentifier>
    </Filter>
    <Filter Include="code\driver">
      <UniqueIdentifier>{91ca318b-95ce-4a71-95a2-05777c960048}</UniqueIdentifier>
    </Filter>
  </ItemGroup>
  <ItemGroup>
    <Inf Include="hprdbgkd.inf">
      <Filter>Driver Files</Filter>
    </Inf>
  </ItemGroup>
  <ItemGroup>
    <ClCompile Include="code\driver\Driver.c">
      <Filter>code\driver</Filter>
    </ClCompile>
  </ItemGroup>
  <ItemGroup>
    <ClInclude Include="header\pch.h">
      <Filter>header</Filter>
    </ClInclude>
    <ClInclude Include="header\Global.h">
      <Filter>header</Filter>
    </ClInclude>
    <ClInclude Include="header\Driver.h">
      <Filter>header</Filter>
    </ClInclude>
  </ItemGroup>
</Project>